PODS:
  - Bolts (1.6.0):
    - Bolts/AppLinks (= 1.6.0)
    - Bolts/Tasks (= 1.6.0)
  - Bolts/AppLinks (1.6.0):
    - Bolts/Tasks
  - Bolts/Tasks (1.6.0)
  - DeviceKit (0.3.0)
  - Eureka (1.4.1)
  - FBSDKCoreKit (4.10.0):
    - Bolts (~> 1.5)
  - FBSDKLoginKit (4.10.0):
    - FBSDKCoreKit
  - GPUImage (0.1.7)
  - KYShutterButton (1.0.3)
  - Parse (1.12.0):
    - Bolts/Tasks (~> 1.5)
  - ParseCrashReporting (1.9.2):
    - Bolts/Tasks (~> 1.5)
    - Parse (~> 1.9)
  - ParseFacebookUtilsV4 (1.11.1):
    - Bolts/Tasks (>= 1.6)
    - FBSDKCoreKit (~> 4.10)
    - FBSDKLoginKit (~> 4.10)
    - FBSDKTVOSKit (~> 4.10)
    - Parse (~> 1.12)
  - ParseTwitterUtils (1.10.0):
    - Bolts/Tasks (~> 1.5)
    - Parse (~> 1.9)
  - ParseUI (1.2.0):
    - Bolts/Tasks (~> 1.3)
    - Parse (~> 1.9)
  - SCLAlertView (0.5.1)
  - SwiftyDrop (2.4.1)
  - TOCropViewController (1.2.6)

DEPENDENCIES:
  - DeviceKit (= 0.3.0)
  - Eureka (~> 1.3)
  - GPUImage (from `https://github.com/BradLarson/GPUImage`, branch `master`)
  - KYShutterButton
  - Parse
  - ParseCrashReporting
  - ParseFacebookUtilsV4
  - ParseTwitterUtils
  - ParseUI
  - SCLAlertView
  - SwiftyDrop (~> 2.0)
  - TOCropViewController

EXTERNAL SOURCES:
  GPUImage:
    :branch: master
    :git: https://github.com/BradLarson/GPUImage

CHECKOUT OPTIONS:
  GPUImage:
    :commit: 54d69e04080860d7da2d3b62c1f5de4259e51d36
    :git: https://github.com/BradLarson/GPUImage

SPEC CHECKSUMS:
  Bolts: f52a250053bb517ca874523c3913776359ab3def
  DeviceKit: cd4f4f1d662619524aaebfc59ab4af2a54d491ec
  Eureka: 2f1921d3162491921d2fef3b516bc4ef93a05122
  FBSDKCoreKit: 13bec8373fb3af94d44daf2aa1e0958687897fbd
  FBSDKLoginKit: d3d4a2e9d31954deb00bfea964167a05ca1ea976
  GPUImage: 733a5f0fab92df9de1c37ba9df520a833ccb406d
  KYShutterButton: 2fc63b04f4471281728fd7536df5c1aaf2c56ae0
  Parse: de2c52a9a1421b91ae7594ab8ce191afd184f19b
  ParseCrashReporting: 33b760facc649d4fd99eef8f35dcda6a406099e5
  ParseFacebookUtilsV4: 2f30c2b7021c8005d3042781da7ef87d06589421
  ParseTwitterUtils: 8856ac80da50bbb0f0bcf251def20b62e1ae6bc4
  ParseUI: af2eba584799da4a9fbdac0e178662d7438b502e
  SCLAlertView: 3ac39a863d3e10fc165662b1228b03402297aea9
  SwiftyDrop: 54a30c4edd51be9863429c3ad2ad4108eb7b7814
  TOCropViewController: 030e38f7c696d8eec4320a5baa8250b49c8f065f

COCOAPODS: 0.39.0
