// !$*UTF8*$!
{
	archiveVersion = 1;
	classes = {
	};
	objectVersion = 46;
	objects = {

/* Begin PBXBuildFile section */
		10D1ABD44CCD9484F0346B21 /* Pods_EsteticaFacialTests.framework in Frameworks */ = {isa = PBXBuildFile; fileRef = E78B544829B6D3FDB97B7F06 /* Pods_EsteticaFacialTests.framework */; };
		18126CF51CACD9AD002D26F7 /* Camera.storyboard in Resources */ = {isa = PBXBuildFile; fileRef = 18126CF31CACD9AD002D26F7 /* Camera.storyboard */; };
		181C559D1C9C37AB00BC35AD /* SurgicalPlanning.swift in Sources */ = {isa = PBXBuildFile; fileRef = 181C559C1C9C37AB00BC35AD /* SurgicalPlanning.swift */; };
		181C55A01C9C406900BC35AD /* SurgicalPlanningKey.swift in Sources */ = {isa = PBXBuildFile; fileRef = 181C559F1C9C406900BC35AD /* SurgicalPlanningKey.swift */; };
		181C55A11C9C406900BC35AD /* SurgicalPlanningKey.swift in Sources */ = {isa = PBXBuildFile; fileRef = 181C559F1C9C406900BC35AD /* SurgicalPlanningKey.swift */; };
		181C55A41C9C408600BC35AD /* SurgicalPlanningValue.swift in Sources */ = {isa = PBXBuildFile; fileRef = 181C55A31C9C408600BC35AD /* SurgicalPlanningValue.swift */; };
		181C55A51C9C408600BC35AD /* SurgicalPlanningValue.swift in Sources */ = {isa = PBXBuildFile; fileRef = 181C55A31C9C408600BC35AD /* SurgicalPlanningValue.swift */; };
		181C55AD1C9C43A400BC35AD /* RealmParse.swift in Sources */ = {isa = PBXBuildFile; fileRef = 181C55AC1C9C43A400BC35AD /* RealmParse.swift */; };
		181C55AE1C9C43A400BC35AD /* RealmParse.swift in Sources */ = {isa = PBXBuildFile; fileRef = 181C55AC1C9C43A400BC35AD /* RealmParse.swift */; };
		1820B5461D2E9CDE004B4876 /* CategoryCell.swift in Sources */ = {isa = PBXBuildFile; fileRef = 1820B5451D2E9CDE004B4876 /* CategoryCell.swift */; };
		18314CB11CC98D14005D9AF9 /* LabInCloud.swift in Sources */ = {isa = PBXBuildFile; fileRef = 18314CB01CC98D14005D9AF9 /* LabInCloud.swift */; };
		183F60A31D1830120086D2C1 /* Date.swift in Sources */ = {isa = PBXBuildFile; fileRef = DF94B5731CBEA83E007D5EC4 /* Date.swift */; };
		183F60A51D1856940086D2C1 /* Reachability.swift in Sources */ = {isa = PBXBuildFile; fileRef = 183F60A41D1856940086D2C1 /* Reachability.swift */; };
		183F60A61D1856940086D2C1 /* Reachability.swift in Sources */ = {isa = PBXBuildFile; fileRef = 183F60A41D1856940086D2C1 /* Reachability.swift */; };
		184657701CCB244B0015447F /* CompareImage.storyboard in Resources */ = {isa = PBXBuildFile; fileRef = 1846576E1CCB244B0015447F /* CompareImage.storyboard */; };
		1851321E1CCEFEB7009BDC06 /* CompareImage.swift in Sources */ = {isa = PBXBuildFile; fileRef = 18AE00B41CCD37FB00A72FBF /* CompareImage.swift */; };
		186D22171CC3325700CBED7B /* SyncVC.swift in Sources */ = {isa = PBXBuildFile; fileRef = 186D22161CC3325700CBED7B /* SyncVC.swift */; };
		18774F0B1CBC6A1900CA2D64 /* Patient.storyboard in Resources */ = {isa = PBXBuildFile; fileRef = 18774F091CBC6A1900CA2D64 /* Patient.storyboard */; };
		18774F101CBC760400CA2D64 /* Pods-EsteticaFacial-acknowledgements.plist in Resources */ = {isa = PBXBuildFile; fileRef = 18774F0F1CBC760400CA2D64 /* Pods-EsteticaFacial-acknowledgements.plist */; };
		18774F1A1CBC896500CA2D64 /* PatientsTableVC.swift in Sources */ = {isa = PBXBuildFile; fileRef = 18774F191CBC896500CA2D64 /* PatientsTableVC.swift */; };
		18774F1C1CBC8A1F00CA2D64 /* SurgeryDetailsVC.swift in Sources */ = {isa = PBXBuildFile; fileRef = 18774F1B1CBC8A1F00CA2D64 /* SurgeryDetailsVC.swift */; };
		18774F1E1CBC8AC600CA2D64 /* SurgeriesTableVC.swift in Sources */ = {isa = PBXBuildFile; fileRef = 18774F1D1CBC8AC600CA2D64 /* SurgeriesTableVC.swift */; };
		18774F201CBC8B2200CA2D64 /* ProcessImageVC.swift in Sources */ = {isa = PBXBuildFile; fileRef = 18774F1F1CBC8B2200CA2D64 /* ProcessImageVC.swift */; };
		18774F221CBC8B3900CA2D64 /* SurgicalPlanVC.swift in Sources */ = {isa = PBXBuildFile; fileRef = 18774F211CBC8B3900CA2D64 /* SurgicalPlanVC.swift */; };
		18774F241CBC8C0800CA2D64 /* CameraVC.swift in Sources */ = {isa = PBXBuildFile; fileRef = 18774F231CBC8C0800CA2D64 /* CameraVC.swift */; };
		18774F261CBC8C1200CA2D64 /* VerifyImageVC.swift in Sources */ = {isa = PBXBuildFile; fileRef = 18774F251CBC8C1200CA2D64 /* VerifyImageVC.swift */; };
		18774F281CBC8C2500CA2D64 /* SettingsTableVC.swift in Sources */ = {isa = PBXBuildFile; fileRef = 18774F271CBC8C2500CA2D64 /* SettingsTableVC.swift */; };
		18774F2B1CBC8C5700CA2D64 /* UserDefaultsPasscodeRepository.swift in Sources */ = {isa = PBXBuildFile; fileRef = 18774F291CBC8C5700CA2D64 /* UserDefaultsPasscodeRepository.swift */; };
		18774F2C1CBC8C5700CA2D64 /* PasscodeLockConfiguration.swift in Sources */ = {isa = PBXBuildFile; fileRef = 18774F2A1CBC8C5700CA2D64 /* PasscodeLockConfiguration.swift */; };
		18774F2E1CBC8C7200CA2D64 /* FileSaveHelper.swift in Sources */ = {isa = PBXBuildFile; fileRef = 18774F2D1CBC8C7200CA2D64 /* FileSaveHelper.swift */; };
		18774F341CBC8C8B00CA2D64 /* LocalizadorFrontal.swift in Sources */ = {isa = PBXBuildFile; fileRef = 18774F2F1CBC8C8B00CA2D64 /* LocalizadorFrontal.swift */; };
		18774F351CBC8C8B00CA2D64 /* VisaoComputacional.swift in Sources */ = {isa = PBXBuildFile; fileRef = 18774F301CBC8C8B00CA2D64 /* VisaoComputacional.swift */; };
		18774F361CBC8C8B00CA2D64 /* TecnicasPDI.swift in Sources */ = {isa = PBXBuildFile; fileRef = 18774F311CBC8C8B00CA2D64 /* TecnicasPDI.swift */; };
		18774F371CBC8C8B00CA2D64 /* PontoView.swift in Sources */ = {isa = PBXBuildFile; fileRef = 18774F321CBC8C8B00CA2D64 /* PontoView.swift */; };
		18774F381CBC8C8B00CA2D64 /* TratamentoEntrada.swift in Sources */ = {isa = PBXBuildFile; fileRef = 18774F331CBC8C8B00CA2D64 /* TratamentoEntrada.swift */; };
		18774F3A1CBC8CA200CA2D64 /* CameraManager.swift in Sources */ = {isa = PBXBuildFile; fileRef = 18774F391CBC8CA200CA2D64 /* CameraManager.swift */; };
		18774F401CBC8D0800CA2D64 /* Protocols.swift in Sources */ = {isa = PBXBuildFile; fileRef = 18774F3B1CBC8D0800CA2D64 /* Protocols.swift */; };
		18774F411CBC8D0800CA2D64 /* Helpers.swift in Sources */ = {isa = PBXBuildFile; fileRef = 18774F3C1CBC8D0800CA2D64 /* Helpers.swift */; };
		18774F421CBC8D0800CA2D64 /* Teste.swift in Sources */ = {isa = PBXBuildFile; fileRef = 18774F3D1CBC8D0800CA2D64 /* Teste.swift */; };
		18774F441CBC8D0800CA2D64 /* VSReachability.swift in Sources */ = {isa = PBXBuildFile; fileRef = 18774F3F1CBC8D0800CA2D64 /* VSReachability.swift */; };
		18774F461CBC946000CA2D64 /* Enums.swift in Sources */ = {isa = PBXBuildFile; fileRef = 18774F451CBC946000CA2D64 /* Enums.swift */; };
		18774F481CBC9DAE00CA2D64 /* PatientDetailsVC.swift in Sources */ = {isa = PBXBuildFile; fileRef = 18774F471CBC9DAE00CA2D64 /* PatientDetailsVC.swift */; };
		188E79F31CCF0A6200A0791C /* Image.swift in Sources */ = {isa = PBXBuildFile; fileRef = 18BAB9F21C9BA4C400BD575B /* Image.swift */; };
		18AE00B51CCD37FB00A72FBF /* CompareImage.swift in Sources */ = {isa = PBXBuildFile; fileRef = 18AE00B41CCD37FB00A72FBF /* CompareImage.swift */; };
		18AFDB4B1CBB007E0052EBDA /* Settings.storyboard in Resources */ = {isa = PBXBuildFile; fileRef = 18AFDB491CBB007E0052EBDA /* Settings.storyboard */; };
		18B8C49C1CCC2ED500C47A40 /* HeaderCell.swift in Sources */ = {isa = PBXBuildFile; fileRef = 18B8C49B1CCC2ED500C47A40 /* HeaderCell.swift */; };
		18BAB9ED1C9B983E00BD575B /* Patient.swift in Sources */ = {isa = PBXBuildFile; fileRef = 18BAB9EC1C9B983E00BD575B /* Patient.swift */; };
		18BAB9EE1C9B983E00BD575B /* Patient.swift in Sources */ = {isa = PBXBuildFile; fileRef = 18BAB9EC1C9B983E00BD575B /* Patient.swift */; };
		18BAB9F31C9BA4C400BD575B /* Image.swift in Sources */ = {isa = PBXBuildFile; fileRef = 18BAB9F21C9BA4C400BD575B /* Image.swift */; };
		18BAB9F61C9BA67D00BD575B /* Record.swift in Sources */ = {isa = PBXBuildFile; fileRef = 18BAB9F51C9BA67D00BD575B /* Record.swift */; };
		18BAB9F71C9BA67D00BD575B /* Record.swift in Sources */ = {isa = PBXBuildFile; fileRef = 18BAB9F51C9BA67D00BD575B /* Record.swift */; };
		18CE58A41D163FEA0002C604 /* Ave3DTouchSimulatorSupport.m in Sources */ = {isa = PBXBuildFile; fileRef = 18CE58A31D163FEA0002C604 /* Ave3DTouchSimulatorSupport.m */; };
		18CE58A61D1640B40002C604 /* RealmCloud.swift in Sources */ = {isa = PBXBuildFile; fileRef = 18CE58A51D1640B40002C604 /* RealmCloud.swift */; };
		18CE58A71D1640BD0002C604 /* RealmCloud.swift in Sources */ = {isa = PBXBuildFile; fileRef = 18CE58A51D1640B40002C604 /* RealmCloud.swift */; };
		18CEB07B1BFE561900AF5198 /* MostrarCirurgiasVC.swift in Sources */ = {isa = PBXBuildFile; fileRef = 18CEB07A1BFE561900AF5198 /* MostrarCirurgiasVC.swift */; };
		18D149181CC11C31007D7353 /* Extensions.swift in Sources */ = {isa = PBXBuildFile; fileRef = 18D149171CC11C31007D7353 /* Extensions.swift */; };
		18D326E11D08E75100ED6582 /* DropboxHelper.swift in Sources */ = {isa = PBXBuildFile; fileRef = 18D326E01D08E75100ED6582 /* DropboxHelper.swift */; };
		18DFB1B41D2D746A00FB0317 /* CompareImagesController.swift in Sources */ = {isa = PBXBuildFile; fileRef = 18DFB1B31D2D746A00FB0317 /* CompareImagesController.swift */; };
		18E9579F1D0B2FC300AEBE49 /* DropboxHelper.swift in Sources */ = {isa = PBXBuildFile; fileRef = 18D326E01D08E75100ED6582 /* DropboxHelper.swift */; };
		18E957A01D0DDD9C00AEBE49 /* SurgicalPlanning.swift in Sources */ = {isa = PBXBuildFile; fileRef = 181C559C1C9C37AB00BC35AD /* SurgicalPlanning.swift */; };
		18E957A11D0DDDB000AEBE49 /* FileSaveHelper.swift in Sources */ = {isa = PBXBuildFile; fileRef = 18774F2D1CBC8C7200CA2D64 /* FileSaveHelper.swift */; };
		18E957A21D0DDDC400AEBE49 /* Helpers.swift in Sources */ = {isa = PBXBuildFile; fileRef = 18774F3C1CBC8D0800CA2D64 /* Helpers.swift */; };
		18E957A31D0DDDC700AEBE49 /* Extensions.swift in Sources */ = {isa = PBXBuildFile; fileRef = 18D149171CC11C31007D7353 /* Extensions.swift */; };
		18E957A41D0DDDC900AEBE49 /* Enums.swift in Sources */ = {isa = PBXBuildFile; fileRef = 18774F451CBC946000CA2D64 /* Enums.swift */; };
		18E957A51D0DDDCB00AEBE49 /* Protocols.swift in Sources */ = {isa = PBXBuildFile; fileRef = 18774F3B1CBC8D0800CA2D64 /* Protocols.swift */; };
		3A19D76A54B551E8FF0D2A16 /* Pods_EsteticaFacialUITests.framework in Frameworks */ = {isa = PBXBuildFile; fileRef = 6E181085127682D16BDBE176 /* Pods_EsteticaFacialUITests.framework */; };
		4D42F108BC013F55873A3E6A /* Pods_EsteticaFacial.framework in Frameworks */ = {isa = PBXBuildFile; fileRef = 967C853F0908B1A294AC9CFA /* Pods_EsteticaFacial.framework */; };
		B81B4A5F1BC344AE002A306F /* AppDelegate.swift in Sources */ = {isa = PBXBuildFile; fileRef = B81B4A5E1BC344AE002A306F /* AppDelegate.swift */; };
		B81B4A641BC344AE002A306F /* Main.storyboard in Resources */ = {isa = PBXBuildFile; fileRef = B81B4A621BC344AE002A306F /* Main.storyboard */; };
		B81B4A691BC344AE002A306F /* Assets.xcassets in Resources */ = {isa = PBXBuildFile; fileRef = B81B4A681BC344AE002A306F /* Assets.xcassets */; };
		B81B4A6C1BC344AE002A306F /* LaunchScreen.storyboard in Resources */ = {isa = PBXBuildFile; fileRef = B81B4A6A1BC344AE002A306F /* LaunchScreen.storyboard */; };
		B81B4A771BC344AE002A306F /* EsteticaFacialTests.swift in Sources */ = {isa = PBXBuildFile; fileRef = B81B4A761BC344AE002A306F /* EsteticaFacialTests.swift */; };
		B81B4A821BC344AE002A306F /* EsteticaFacialUITests.swift in Sources */ = {isa = PBXBuildFile; fileRef = B81B4A811BC344AE002A306F /* EsteticaFacialUITests.swift */; };
		B8F7E0E11BD5415F0053B948 /* CoreVideo.framework in Frameworks */ = {isa = PBXBuildFile; fileRef = B8F7E0E01BD5415F0053B948 /* CoreVideo.framework */; };
		DF94B5741CBEA83E007D5EC4 /* Date.swift in Sources */ = {isa = PBXBuildFile; fileRef = DF94B5731CBEA83E007D5EC4 /* Date.swift */; };
/* End PBXBuildFile section */

/* Begin PBXContainerItemProxy section */
		B81B4A731BC344AE002A306F /* PBXContainerItemProxy */ = {
			isa = PBXContainerItemProxy;
			containerPortal = B81B4A531BC344AE002A306F /* Project object */;
			proxyType = 1;
			remoteGlobalIDString = B81B4A5A1BC344AE002A306F;
			remoteInfo = EsteticaFacial;
		};
		B81B4A7E1BC344AE002A306F /* PBXContainerItemProxy */ = {
			isa = PBXContainerItemProxy;
			containerPortal = B81B4A531BC344AE002A306F /* Project object */;
			proxyType = 1;
			remoteGlobalIDString = B81B4A5A1BC344AE002A306F;
			remoteInfo = EsteticaFacial;
		};
/* End PBXContainerItemProxy section */

/* Begin PBXFileReference section */
		18126CF41CACD9AD002D26F7 /* Base */ = {isa = PBXFileReference; lastKnownFileType = file.storyboard; name = Base; path = Base.lproj/Camera.storyboard; sourceTree = "<group>"; };
		181C559C1C9C37AB00BC35AD /* SurgicalPlanning.swift */ = {isa = PBXFileReference; fileEncoding = 4; lastKnownFileType = sourcecode.swift; name = SurgicalPlanning.swift; path = "Model/Surgical Planning/SurgicalPlanning.swift"; sourceTree = "<group>"; };
		181C559F1C9C406900BC35AD /* SurgicalPlanningKey.swift */ = {isa = PBXFileReference; fileEncoding = 4; lastKnownFileType = sourcecode.swift; name = SurgicalPlanningKey.swift; path = "Model/Surgical Planning/SurgicalPlanningKey/SurgicalPlanningKey.swift"; sourceTree = "<group>"; };
		181C55A31C9C408600BC35AD /* SurgicalPlanningValue.swift */ = {isa = PBXFileReference; fileEncoding = 4; lastKnownFileType = sourcecode.swift; name = SurgicalPlanningValue.swift; path = "Model/Surgical Planning/SurgicalPlanningValue/SurgicalPlanningValue.swift"; sourceTree = "<group>"; };
		181C55AC1C9C43A400BC35AD /* RealmParse.swift */ = {isa = PBXFileReference; fileEncoding = 4; lastKnownFileType = sourcecode.swift; name = RealmParse.swift; path = Model/RealmParse/RealmParse.swift; sourceTree = "<group>"; };
		1820B5451D2E9CDE004B4876 /* CategoryCell.swift */ = {isa = PBXFileReference; fileEncoding = 4; lastKnownFileType = sourcecode.swift; name = CategoryCell.swift; path = Core/Cell/CategoryCell.swift; sourceTree = "<group>"; };
		18314CB01CC98D14005D9AF9 /* LabInCloud.swift */ = {isa = PBXFileReference; fileEncoding = 4; lastKnownFileType = sourcecode.swift; name = LabInCloud.swift; path = Modules/Cloud/LabInCloud/LabInCloud.swift; sourceTree = "<group>"; };
		183F60A41D1856940086D2C1 /* Reachability.swift */ = {isa = PBXFileReference; fileEncoding = 4; lastKnownFileType = sourcecode.swift; path = Reachability.swift; sourceTree = "<group>"; };
		1846576F1CCB244B0015447F /* Base */ = {isa = PBXFileReference; lastKnownFileType = file.storyboard; name = Base; path = Base.lproj/CompareImage.storyboard; sourceTree = "<group>"; };
		186D22161CC3325700CBED7B /* SyncVC.swift */ = {isa = PBXFileReference; fileEncoding = 4; lastKnownFileType = sourcecode.swift; name = SyncVC.swift; path = ViewControllers/Settings/Sync/SyncVC.swift; sourceTree = "<group>"; };
		18774F0A1CBC6A1900CA2D64 /* Base */ = {isa = PBXFileReference; lastKnownFileType = file.storyboard; name = Base; path = Base.lproj/Patient.storyboard; sourceTree = "<group>"; };
		18774F0F1CBC760400CA2D64 /* Pods-EsteticaFacial-acknowledgements.plist */ = {isa = PBXFileReference; fileEncoding = 4; lastKnownFileType = text.plist.xml; name = "Pods-EsteticaFacial-acknowledgements.plist"; path = "Pods/Target Support Files/Pods-EsteticaFacial/Pods-EsteticaFacial-acknowledgements.plist"; sourceTree = "<group>"; };
		18774F191CBC896500CA2D64 /* PatientsTableVC.swift */ = {isa = PBXFileReference; fileEncoding = 4; lastKnownFileType = sourcecode.swift; name = PatientsTableVC.swift; path = ViewControllers/Patients/PatientsTableVC.swift; sourceTree = "<group>"; };
		18774F1B1CBC8A1F00CA2D64 /* SurgeryDetailsVC.swift */ = {isa = PBXFileReference; fileEncoding = 4; lastKnownFileType = sourcecode.swift; name = SurgeryDetailsVC.swift; path = ViewControllers/Surgeries/SurgeryDetailsVC.swift; sourceTree = "<group>"; };
		18774F1D1CBC8AC600CA2D64 /* SurgeriesTableVC.swift */ = {isa = PBXFileReference; fileEncoding = 4; lastKnownFileType = sourcecode.swift; name = SurgeriesTableVC.swift; path = ViewControllers/Surgeries/SurgeriesTableVC.swift; sourceTree = "<group>"; };
		18774F1F1CBC8B2200CA2D64 /* ProcessImageVC.swift */ = {isa = PBXFileReference; fileEncoding = 4; lastKnownFileType = sourcecode.swift; name = ProcessImageVC.swift; path = ViewControllers/Surgeries/Process/ProcessImageVC.swift; sourceTree = "<group>"; };
		18774F211CBC8B3900CA2D64 /* SurgicalPlanVC.swift */ = {isa = PBXFileReference; fileEncoding = 4; lastKnownFileType = sourcecode.swift; name = SurgicalPlanVC.swift; path = ViewControllers/Surgeries/SurgeryPlan/SurgicalPlanVC.swift; sourceTree = "<group>"; };
		18774F231CBC8C0800CA2D64 /* CameraVC.swift */ = {isa = PBXFileReference; fileEncoding = 4; lastKnownFileType = sourcecode.swift; name = CameraVC.swift; path = ViewControllers/Camera/CameraVC.swift; sourceTree = "<group>"; };
		18774F251CBC8C1200CA2D64 /* VerifyImageVC.swift */ = {isa = PBXFileReference; fileEncoding = 4; lastKnownFileType = sourcecode.swift; name = VerifyImageVC.swift; path = ViewControllers/Camera/VerifyImageVC.swift; sourceTree = "<group>"; };
		18774F271CBC8C2500CA2D64 /* SettingsTableVC.swift */ = {isa = PBXFileReference; fileEncoding = 4; lastKnownFileType = sourcecode.swift; name = SettingsTableVC.swift; path = ViewControllers/Settings/SettingsTableVC.swift; sourceTree = "<group>"; };
		18774F291CBC8C5700CA2D64 /* UserDefaultsPasscodeRepository.swift */ = {isa = PBXFileReference; fileEncoding = 4; lastKnownFileType = sourcecode.swift; name = UserDefaultsPasscodeRepository.swift; path = Modules/Password/UserDefaultsPasscodeRepository.swift; sourceTree = "<group>"; };
		18774F2A1CBC8C5700CA2D64 /* PasscodeLockConfiguration.swift */ = {isa = PBXFileReference; fileEncoding = 4; lastKnownFileType = sourcecode.swift; name = PasscodeLockConfiguration.swift; path = Modules/Password/PasscodeLockConfiguration.swift; sourceTree = "<group>"; };
		18774F2D1CBC8C7200CA2D64 /* FileSaveHelper.swift */ = {isa = PBXFileReference; fileEncoding = 4; lastKnownFileType = sourcecode.swift; name = FileSaveHelper.swift; path = Core/FileSaveHelper/FileSaveHelper.swift; sourceTree = "<group>"; };
		18774F2F1CBC8C8B00CA2D64 /* LocalizadorFrontal.swift */ = {isa = PBXFileReference; fileEncoding = 4; lastKnownFileType = sourcecode.swift; name = LocalizadorFrontal.swift; path = Core/CG/Algoritimos/LocalizadorFrontal.swift; sourceTree = "<group>"; };
		18774F301CBC8C8B00CA2D64 /* VisaoComputacional.swift */ = {isa = PBXFileReference; fileEncoding = 4; lastKnownFileType = sourcecode.swift; name = VisaoComputacional.swift; path = Core/CG/VisaoComputacional.swift; sourceTree = "<group>"; };
		18774F311CBC8C8B00CA2D64 /* TecnicasPDI.swift */ = {isa = PBXFileReference; fileEncoding = 4; lastKnownFileType = sourcecode.swift; name = TecnicasPDI.swift; path = Core/CG/TecnicasPDI.swift; sourceTree = "<group>"; };
		18774F321CBC8C8B00CA2D64 /* PontoView.swift */ = {isa = PBXFileReference; fileEncoding = 4; lastKnownFileType = sourcecode.swift; name = PontoView.swift; path = Core/CG/PontoView.swift; sourceTree = "<group>"; };
		18774F331CBC8C8B00CA2D64 /* TratamentoEntrada.swift */ = {isa = PBXFileReference; fileEncoding = 4; lastKnownFileType = sourcecode.swift; name = TratamentoEntrada.swift; path = Core/CG/TratamentoEntrada.swift; sourceTree = "<group>"; };
		18774F391CBC8CA200CA2D64 /* CameraManager.swift */ = {isa = PBXFileReference; fileEncoding = 4; lastKnownFileType = sourcecode.swift; name = CameraManager.swift; path = Core/Camera/CameraManager.swift; sourceTree = "<group>"; };
		18774F3B1CBC8D0800CA2D64 /* Protocols.swift */ = {isa = PBXFileReference; fileEncoding = 4; lastKnownFileType = sourcecode.swift; name = Protocols.swift; path = Utilities/Protocols.swift; sourceTree = "<group>"; };
		18774F3C1CBC8D0800CA2D64 /* Helpers.swift */ = {isa = PBXFileReference; fileEncoding = 4; lastKnownFileType = sourcecode.swift; name = Helpers.swift; path = Utilities/Helpers.swift; sourceTree = "<group>"; };
		18774F3D1CBC8D0800CA2D64 /* Teste.swift */ = {isa = PBXFileReference; fileEncoding = 4; lastKnownFileType = sourcecode.swift; name = Teste.swift; path = Utilities/Teste.swift; sourceTree = "<group>"; };
		18774F3F1CBC8D0800CA2D64 /* VSReachability.swift */ = {isa = PBXFileReference; fileEncoding = 4; lastKnownFileType = sourcecode.swift; name = VSReachability.swift; path = Utilities/VSReachability.swift; sourceTree = "<group>"; };
		18774F451CBC946000CA2D64 /* Enums.swift */ = {isa = PBXFileReference; fileEncoding = 4; lastKnownFileType = sourcecode.swift; name = Enums.swift; path = Utilities/Enums.swift; sourceTree = "<group>"; };
		18774F471CBC9DAE00CA2D64 /* PatientDetailsVC.swift */ = {isa = PBXFileReference; fileEncoding = 4; lastKnownFileType = sourcecode.swift; name = PatientDetailsVC.swift; path = ViewControllers/Patients/PatientDetailsVC.swift; sourceTree = "<group>"; };
		18AE00B41CCD37FB00A72FBF /* CompareImage.swift */ = {isa = PBXFileReference; fileEncoding = 4; lastKnownFileType = sourcecode.swift; name = CompareImage.swift; path = Model/Photo/CompareImage.swift; sourceTree = "<group>"; };
		18AFDB4A1CBB007E0052EBDA /* Base */ = {isa = PBXFileReference; lastKnownFileType = file.storyboard; name = Base; path = Base.lproj/Settings.storyboard; sourceTree = "<group>"; };
		18B8C49B1CCC2ED500C47A40 /* HeaderCell.swift */ = {isa = PBXFileReference; fileEncoding = 4; lastKnownFileType = sourcecode.swift; name = HeaderCell.swift; path = Core/Cell/HeaderCell.swift; sourceTree = "<group>"; };
		18BAB9EC1C9B983E00BD575B /* Patient.swift */ = {isa = PBXFileReference; fileEncoding = 4; lastKnownFileType = sourcecode.swift; name = Patient.swift; path = Model/Patient/Patient.swift; sourceTree = "<group>"; };
		18BAB9F21C9BA4C400BD575B /* Image.swift */ = {isa = PBXFileReference; fileEncoding = 4; lastKnownFileType = sourcecode.swift; name = Image.swift; path = Model/Photo/Image.swift; sourceTree = "<group>"; };
		18BAB9F51C9BA67D00BD575B /* Record.swift */ = {isa = PBXFileReference; fileEncoding = 4; lastKnownFileType = sourcecode.swift; name = Record.swift; path = Model/Record/Record.swift; sourceTree = "<group>"; };
		18CE58A31D163FEA0002C604 /* Ave3DTouchSimulatorSupport.m */ = {isa = PBXFileReference; fileEncoding = 4; lastKnownFileType = sourcecode.c.objc; path = Ave3DTouchSimulatorSupport.m; sourceTree = "<group>"; };
		18CE58A51D1640B40002C604 /* RealmCloud.swift */ = {isa = PBXFileReference; fileEncoding = 4; lastKnownFileType = sourcecode.swift; name = RealmCloud.swift; path = Modules/Cloud/RealmCloud.swift; sourceTree = "<group>"; };
		18CEB07A1BFE561900AF5198 /* MostrarCirurgiasVC.swift */ = {isa = PBXFileReference; fileEncoding = 4; lastKnownFileType = sourcecode.swift; path = MostrarCirurgiasVC.swift; sourceTree = "<group>"; };
		18D149171CC11C31007D7353 /* Extensions.swift */ = {isa = PBXFileReference; fileEncoding = 4; lastKnownFileType = sourcecode.swift; name = Extensions.swift; path = Utilities/Extensions.swift; sourceTree = "<group>"; };
		18D326E01D08E75100ED6582 /* DropboxHelper.swift */ = {isa = PBXFileReference; fileEncoding = 4; lastKnownFileType = sourcecode.swift; name = DropboxHelper.swift; path = Modules/Cloud/Dropbox/DropboxHelper.swift; sourceTree = "<group>"; };
		18DFB1B31D2D746A00FB0317 /* CompareImagesController.swift */ = {isa = PBXFileReference; fileEncoding = 4; lastKnownFileType = sourcecode.swift; name = CompareImagesController.swift; path = "ViewControllers/Surgeries/Compare Image/CompareImagesController.swift"; sourceTree = "<group>"; };
		198FC3A2965D92543CBA88CC /* Pods-EsteticaFacialUITests.release.xcconfig */ = {isa = PBXFileReference; includeInIndex = 1; lastKnownFileType = text.xcconfig; name = "Pods-EsteticaFacialUITests.release.xcconfig"; path = "Pods/Target Support Files/Pods-EsteticaFacialUITests/Pods-EsteticaFacialUITests.release.xcconfig"; sourceTree = "<group>"; };
		6A45634671BDEB351FA42C3B /* Pods-EsteticaFacialTests.debug.xcconfig */ = {isa = PBXFileReference; includeInIndex = 1; lastKnownFileType = text.xcconfig; name = "Pods-EsteticaFacialTests.debug.xcconfig"; path = "Pods/Target Support Files/Pods-EsteticaFacialTests/Pods-EsteticaFacialTests.debug.xcconfig"; sourceTree = "<group>"; };
		6E181085127682D16BDBE176 /* Pods_EsteticaFacialUITests.framework */ = {isa = PBXFileReference; explicitFileType = wrapper.framework; includeInIndex = 0; path = Pods_EsteticaFacialUITests.framework; sourceTree = BUILT_PRODUCTS_DIR; };
		6E95D2E168C111122885C474 /* Pods-EsteticaFacial.debug.xcconfig */ = {isa = PBXFileReference; includeInIndex = 1; lastKnownFileType = text.xcconfig; name = "Pods-EsteticaFacial.debug.xcconfig"; path = "Pods/Target Support Files/Pods-EsteticaFacial/Pods-EsteticaFacial.debug.xcconfig"; sourceTree = "<group>"; };
		738B1DC39B6E3392CF45EA7C /* Pods-EsteticaFacialTests.release.xcconfig */ = {isa = PBXFileReference; includeInIndex = 1; lastKnownFileType = text.xcconfig; name = "Pods-EsteticaFacialTests.release.xcconfig"; path = "Pods/Target Support Files/Pods-EsteticaFacialTests/Pods-EsteticaFacialTests.release.xcconfig"; sourceTree = "<group>"; };
		8F7E7493A7B7A1FA858B4A09 /* Pods-EsteticaFacialUITests.debug.xcconfig */ = {isa = PBXFileReference; includeInIndex = 1; lastKnownFileType = text.xcconfig; name = "Pods-EsteticaFacialUITests.debug.xcconfig"; path = "Pods/Target Support Files/Pods-EsteticaFacialUITests/Pods-EsteticaFacialUITests.debug.xcconfig"; sourceTree = "<group>"; };
		967C853F0908B1A294AC9CFA /* Pods_EsteticaFacial.framework */ = {isa = PBXFileReference; explicitFileType = wrapper.framework; includeInIndex = 0; path = Pods_EsteticaFacial.framework; sourceTree = BUILT_PRODUCTS_DIR; };
		B81B4A5B1BC344AE002A306F /* EsteticaFacial.app */ = {isa = PBXFileReference; explicitFileType = wrapper.application; includeInIndex = 0; path = EsteticaFacial.app; sourceTree = BUILT_PRODUCTS_DIR; };
		B81B4A5E1BC344AE002A306F /* AppDelegate.swift */ = {isa = PBXFileReference; lastKnownFileType = sourcecode.swift; path = AppDelegate.swift; sourceTree = "<group>"; };
		B81B4A631BC344AE002A306F /* Base */ = {isa = PBXFileReference; lastKnownFileType = file.storyboard; name = Base; path = Base.lproj/Main.storyboard; sourceTree = "<group>"; };
		B81B4A681BC344AE002A306F /* Assets.xcassets */ = {isa = PBXFileReference; lastKnownFileType = folder.assetcatalog; path = Assets.xcassets; sourceTree = "<group>"; };
		B81B4A6B1BC344AE002A306F /* Base */ = {isa = PBXFileReference; lastKnownFileType = file.storyboard; name = Base; path = Base.lproj/LaunchScreen.storyboard; sourceTree = "<group>"; };
		B81B4A6D1BC344AE002A306F /* Info.plist */ = {isa = PBXFileReference; lastKnownFileType = text.plist.xml; path = Info.plist; sourceTree = "<group>"; };
		B81B4A721BC344AE002A306F /* EsteticaFacialTests.xctest */ = {isa = PBXFileReference; explicitFileType = wrapper.cfbundle; includeInIndex = 0; path = EsteticaFacialTests.xctest; sourceTree = BUILT_PRODUCTS_DIR; };
		B81B4A761BC344AE002A306F /* EsteticaFacialTests.swift */ = {isa = PBXFileReference; lastKnownFileType = sourcecode.swift; path = EsteticaFacialTests.swift; sourceTree = "<group>"; };
		B81B4A781BC344AE002A306F /* Info.plist */ = {isa = PBXFileReference; lastKnownFileType = text.plist.xml; path = Info.plist; sourceTree = "<group>"; };
		B81B4A7D1BC344AE002A306F /* EsteticaFacialUITests.xctest */ = {isa = PBXFileReference; explicitFileType = wrapper.cfbundle; includeInIndex = 0; path = EsteticaFacialUITests.xctest; sourceTree = BUILT_PRODUCTS_DIR; };
		B81B4A811BC344AE002A306F /* EsteticaFacialUITests.swift */ = {isa = PBXFileReference; lastKnownFileType = sourcecode.swift; path = EsteticaFacialUITests.swift; sourceTree = "<group>"; };
		B81B4A831BC344AE002A306F /* Info.plist */ = {isa = PBXFileReference; lastKnownFileType = text.plist.xml; path = Info.plist; sourceTree = "<group>"; };
		B8F7E0E01BD5415F0053B948 /* CoreVideo.framework */ = {isa = PBXFileReference; lastKnownFileType = wrapper.framework; name = CoreVideo.framework; path = System/Library/Frameworks/CoreVideo.framework; sourceTree = SDKROOT; };
		D7A0B2A590A729C7B4F5BEE1 /* Pods-EsteticaFacial.release.xcconfig */ = {isa = PBXFileReference; includeInIndex = 1; lastKnownFileType = text.xcconfig; name = "Pods-EsteticaFacial.release.xcconfig"; path = "Pods/Target Support Files/Pods-EsteticaFacial/Pods-EsteticaFacial.release.xcconfig"; sourceTree = "<group>"; };
		DF94B5731CBEA83E007D5EC4 /* Date.swift */ = {isa = PBXFileReference; fileEncoding = 4; lastKnownFileType = sourcecode.swift; name = Date.swift; path = Core/Date/Date.swift; sourceTree = "<group>"; };
		E78B544829B6D3FDB97B7F06 /* Pods_EsteticaFacialTests.framework */ = {isa = PBXFileReference; explicitFileType = wrapper.framework; includeInIndex = 0; path = Pods_EsteticaFacialTests.framework; sourceTree = BUILT_PRODUCTS_DIR; };
/* End PBXFileReference section */

/* Begin PBXFrameworksBuildPhase section */
		B81B4A581BC344AE002A306F /* Frameworks */ = {
			isa = PBXFrameworksBuildPhase;
			buildActionMask = 2147483647;
			files = (
				B8F7E0E11BD5415F0053B948 /* CoreVideo.framework in Frameworks */,
				4D42F108BC013F55873A3E6A /* Pods_EsteticaFacial.framework in Frameworks */,
			);
			runOnlyForDeploymentPostprocessing = 0;
		};
		B81B4A6F1BC344AE002A306F /* Frameworks */ = {
			isa = PBXFrameworksBuildPhase;
			buildActionMask = 2147483647;
			files = (
				10D1ABD44CCD9484F0346B21 /* Pods_EsteticaFacialTests.framework in Frameworks */,
			);
			runOnlyForDeploymentPostprocessing = 0;
		};
		B81B4A7A1BC344AE002A306F /* Frameworks */ = {
			isa = PBXFrameworksBuildPhase;
			buildActionMask = 2147483647;
			files = (
				3A19D76A54B551E8FF0D2A16 /* Pods_EsteticaFacialUITests.framework in Frameworks */,
			);
			runOnlyForDeploymentPostprocessing = 0;
		};
/* End PBXFrameworksBuildPhase section */

/* Begin PBXGroup section */
		104CABB74A6198AE3030FBAE /* Pods */ = {
			isa = PBXGroup;
			children = (
				6E95D2E168C111122885C474 /* Pods-EsteticaFacial.debug.xcconfig */,
				D7A0B2A590A729C7B4F5BEE1 /* Pods-EsteticaFacial.release.xcconfig */,
				6A45634671BDEB351FA42C3B /* Pods-EsteticaFacialTests.debug.xcconfig */,
				738B1DC39B6E3392CF45EA7C /* Pods-EsteticaFacialTests.release.xcconfig */,
				8F7E7493A7B7A1FA858B4A09 /* Pods-EsteticaFacialUITests.debug.xcconfig */,
				198FC3A2965D92543CBA88CC /* Pods-EsteticaFacialUITests.release.xcconfig */,
			);
			name = Pods;
			sourceTree = "<group>";
		};
		18126CDC1CAACC6B002D26F7 /* Patients */ = {
			isa = PBXGroup;
			children = (
				18774F191CBC896500CA2D64 /* PatientsTableVC.swift */,
				18774F471CBC9DAE00CA2D64 /* PatientDetailsVC.swift */,
			);
			name = Patients;
			sourceTree = "<group>";
		};
		18126CF01CACC58A002D26F7 /* Core */ = {
			isa = PBXGroup;
			children = (
				18B8C4961CCC2DC100C47A40 /* Cell */,
				DF94B5721CBEA821007D5EC4 /* Date */,
				1859C07F1CB58A2000FD15F5 /* FileSaveHelper */,
				B829B8C51BE26881009909C0 /* CG */,
				1859C07E1CB58A1700FD15F5 /* CameraManager */,
			);
			name = Core;
			sourceTree = "<group>";
		};
		18126CF81CACF9CD002D26F7 /* Modules */ = {
			isa = PBXGroup;
			children = (
				18314CAD1CC98C72005D9AF9 /* Cloud */,
				18774F111CBC815300CA2D64 /* Password */,
			);
			name = Modules;
			sourceTree = "<group>";
		};
		18126CF91CACF9D3002D26F7 /* Camera */ = {
			isa = PBXGroup;
			children = (
				18774F231CBC8C0800CA2D64 /* CameraVC.swift */,
				18774F251CBC8C1200CA2D64 /* VerifyImageVC.swift */,
			);
			name = Camera;
			sourceTree = "<group>";
		};
		181C55A61C9C409400BC35AD /* SurgicalPlanning */ = {
			isa = PBXGroup;
			children = (
				181C559C1C9C37AB00BC35AD /* SurgicalPlanning.swift */,
				181C55A71C9C409C00BC35AD /* Key */,
				181C55A81C9C40A100BC35AD /* Value */,
			);
			name = SurgicalPlanning;
			sourceTree = "<group>";
		};
		181C55A71C9C409C00BC35AD /* Key */ = {
			isa = PBXGroup;
			children = (
				181C559F1C9C406900BC35AD /* SurgicalPlanningKey.swift */,
			);
			name = Key;
			sourceTree = "<group>";
		};
		181C55A81C9C40A100BC35AD /* Value */ = {
			isa = PBXGroup;
			children = (
				181C55A31C9C408600BC35AD /* SurgicalPlanningValue.swift */,
			);
			name = Value;
			sourceTree = "<group>";
		};
		181C55A91C9C40AB00BC35AD /* Image */ = {
			isa = PBXGroup;
			children = (
				18AE00B41CCD37FB00A72FBF /* CompareImage.swift */,
				18BAB9F21C9BA4C400BD575B /* Image.swift */,
			);
			name = Image;
			sourceTree = "<group>";
		};
		181C55AA1C9C40B300BC35AD /* Patient */ = {
			isa = PBXGroup;
			children = (
				18BAB9EC1C9B983E00BD575B /* Patient.swift */,
			);
			name = Patient;
			sourceTree = "<group>";
		};
		181C55AB1C9C40BC00BC35AD /* Record */ = {
			isa = PBXGroup;
			children = (
				18BAB9F51C9BA67D00BD575B /* Record.swift */,
			);
			name = Record;
			sourceTree = "<group>";
		};
		18314CAD1CC98C72005D9AF9 /* Cloud */ = {
			isa = PBXGroup;
			children = (
				18D326DF1D08E73A00ED6582 /* Dropbox */,
				186D22181CC33D7B00CBED7B /* LabInCloud */,
				18CE58A51D1640B40002C604 /* RealmCloud.swift */,
			);
			name = Cloud;
			sourceTree = "<group>";
		};
		183D2F4C1BD9E68D0033BDA3 /* Supporting Files */ = {
			isa = PBXGroup;
			children = (
				18CE58A31D163FEA0002C604 /* Ave3DTouchSimulatorSupport.m */,
				B81B4A681BC344AE002A306F /* Assets.xcassets */,
				B81B4A6D1BC344AE002A306F /* Info.plist */,
			);
			name = "Supporting Files";
			path = EsteticaFacial;
			sourceTree = "<group>";
		};
		1859C07E1CB58A1700FD15F5 /* CameraManager */ = {
			isa = PBXGroup;
			children = (
				18774F391CBC8CA200CA2D64 /* CameraManager.swift */,
			);
			name = CameraManager;
			sourceTree = "<group>";
		};
		1859C07F1CB58A2000FD15F5 /* FileSaveHelper */ = {
			isa = PBXGroup;
			children = (
				18774F2D1CBC8C7200CA2D64 /* FileSaveHelper.swift */,
			);
			name = FileSaveHelper;
			sourceTree = "<group>";
		};
		186D22151CC32FED00CBED7B /* Sync */ = {
			isa = PBXGroup;
			children = (
				186D22161CC3325700CBED7B /* SyncVC.swift */,
			);
			name = Sync;
			sourceTree = "<group>";
		};
		186D22181CC33D7B00CBED7B /* LabInCloud */ = {
			isa = PBXGroup;
			children = (
				18314CB01CC98D14005D9AF9 /* LabInCloud.swift */,
			);
			name = LabInCloud;
			sourceTree = "<group>";
		};
		18774F0C1CBC6D5E00CA2D64 /* Surgeries */ = {
			isa = PBXGroup;
			children = (
				18774F1D1CBC8AC600CA2D64 /* SurgeriesTableVC.swift */,
				18774F1B1CBC8A1F00CA2D64 /* SurgeryDetailsVC.swift */,
				18B8C49D1CCC2EFA00C47A40 /* Compare Images */,
				187AD4291CAF069F002EF035 /* SurgeryPlan */,
				187AD42A1CAF06AC002EF035 /* Process Image */,
			);
			name = Surgeries;
			sourceTree = "<group>";
		};
		18774F111CBC815300CA2D64 /* Password */ = {
			isa = PBXGroup;
			children = (
				18774F291CBC8C5700CA2D64 /* UserDefaultsPasscodeRepository.swift */,
				18774F2A1CBC8C5700CA2D64 /* PasscodeLockConfiguration.swift */,
			);
			name = Password;
			sourceTree = "<group>";
		};
		18774F161CBC82E600CA2D64 /* ViewControllers */ = {
			isa = PBXGroup;
			children = (
				18126CDC1CAACC6B002D26F7 /* Patients */,
				18774F0C1CBC6D5E00CA2D64 /* Surgeries */,
				18126CF91CACF9D3002D26F7 /* Camera */,
				18AFDB4E1CBB53D10052EBDA /* Settings */,
			);
			name = ViewControllers;
			sourceTree = "<group>";
		};
		187AD4291CAF069F002EF035 /* SurgeryPlan */ = {
			isa = PBXGroup;
			children = (
				18774F211CBC8B3900CA2D64 /* SurgicalPlanVC.swift */,
			);
			name = SurgeryPlan;
			sourceTree = "<group>";
		};
		187AD42A1CAF06AC002EF035 /* Process Image */ = {
			isa = PBXGroup;
			children = (
				18774F1F1CBC8B2200CA2D64 /* ProcessImageVC.swift */,
			);
			name = "Process Image";
			sourceTree = "<group>";
		};
		188840191C24375A000899ED /* UI */ = {
			isa = PBXGroup;
			children = (
				B81B4A621BC344AE002A306F /* Main.storyboard */,
				B81B4A6A1BC344AE002A306F /* LaunchScreen.storyboard */,
				18126CF31CACD9AD002D26F7 /* Camera.storyboard */,
				18AFDB491CBB007E0052EBDA /* Settings.storyboard */,
				18774F091CBC6A1900CA2D64 /* Patient.storyboard */,
				1846576E1CCB244B0015447F /* CompareImage.storyboard */,
			);
			name = UI;
			sourceTree = "<group>";
		};
		188840221C245078000899ED /* AppDelegate */ = {
			isa = PBXGroup;
			children = (
				B81B4A5E1BC344AE002A306F /* AppDelegate.swift */,
			);
			name = AppDelegate;
			sourceTree = "<group>";
		};
		189B03021BF195CE00A516F4 /* Utilities */ = {
			isa = PBXGroup;
			children = (
				18774F3B1CBC8D0800CA2D64 /* Protocols.swift */,
				18774F451CBC946000CA2D64 /* Enums.swift */,
				18D149171CC11C31007D7353 /* Extensions.swift */,
				18774F3C1CBC8D0800CA2D64 /* Helpers.swift */,
				18774F3D1CBC8D0800CA2D64 /* Teste.swift */,
				18774F3F1CBC8D0800CA2D64 /* VSReachability.swift */,
				183F60A41D1856940086D2C1 /* Reachability.swift */,
				18CEB07A1BFE561900AF5198 /* MostrarCirurgiasVC.swift */,
			);
			name = Utilities;
			sourceTree = "<group>";
		};
		18AFDB4E1CBB53D10052EBDA /* Settings */ = {
			isa = PBXGroup;
			children = (
				18774F271CBC8C2500CA2D64 /* SettingsTableVC.swift */,
				186D22151CC32FED00CBED7B /* Sync */,
			);
			name = Settings;
			sourceTree = "<group>";
		};
		18B8C4961CCC2DC100C47A40 /* Cell */ = {
			isa = PBXGroup;
			children = (
				1820B5451D2E9CDE004B4876 /* CategoryCell.swift */,
				18B8C49B1CCC2ED500C47A40 /* HeaderCell.swift */,
			);
			name = Cell;
			sourceTree = "<group>";
		};
		18B8C49D1CCC2EFA00C47A40 /* Compare Images */ = {
			isa = PBXGroup;
			children = (
				18DFB1B31D2D746A00FB0317 /* CompareImagesController.swift */,
			);
			name = "Compare Images";
			sourceTree = "<group>";
		};
		18BAB9EB1C9B895700BD575B /* Model */ = {
			isa = PBXGroup;
			children = (
				181C55AC1C9C43A400BC35AD /* RealmParse.swift */,
				181C55AB1C9C40BC00BC35AD /* Record */,
				181C55AA1C9C40B300BC35AD /* Patient */,
				181C55A91C9C40AB00BC35AD /* Image */,
				181C55A61C9C409400BC35AD /* SurgicalPlanning */,
			);
			name = Model;
			sourceTree = "<group>";
		};
		18D326DF1D08E73A00ED6582 /* Dropbox */ = {
			isa = PBXGroup;
			children = (
				18D326E01D08E75100ED6582 /* DropboxHelper.swift */,
			);
			name = Dropbox;
			sourceTree = "<group>";
		};
		5B6EEE5922A447A0B8B835E0 /* Frameworks */ = {
			isa = PBXGroup;
			children = (
				B8F7E0E01BD5415F0053B948 /* CoreVideo.framework */,
				967C853F0908B1A294AC9CFA /* Pods_EsteticaFacial.framework */,
				E78B544829B6D3FDB97B7F06 /* Pods_EsteticaFacialTests.framework */,
				6E181085127682D16BDBE176 /* Pods_EsteticaFacialUITests.framework */,
			);
			name = Frameworks;
			sourceTree = "<group>";
		};
		B81B4A521BC344AE002A306F = {
			isa = PBXGroup;
			children = (
				18774F0F1CBC760400CA2D64 /* Pods-EsteticaFacial-acknowledgements.plist */,
				B81B4A5D1BC344AE002A306F /* EsteticaFacial */,
				183D2F4C1BD9E68D0033BDA3 /* Supporting Files */,
				B81B4A751BC344AE002A306F /* EsteticaFacialTests */,
				B81B4A801BC344AE002A306F /* EsteticaFacialUITests */,
				B81B4A5C1BC344AE002A306F /* Products */,
				5B6EEE5922A447A0B8B835E0 /* Frameworks */,
				104CABB74A6198AE3030FBAE /* Pods */,
			);
			sourceTree = "<group>";
		};
		B81B4A5C1BC344AE002A306F /* Products */ = {
			isa = PBXGroup;
			children = (
				B81B4A5B1BC344AE002A306F /* EsteticaFacial.app */,
				B81B4A721BC344AE002A306F /* EsteticaFacialTests.xctest */,
				B81B4A7D1BC344AE002A306F /* EsteticaFacialUITests.xctest */,
			);
			name = Products;
			sourceTree = "<group>";
		};
		B81B4A5D1BC344AE002A306F /* EsteticaFacial */ = {
			isa = PBXGroup;
			children = (
				188840221C245078000899ED /* AppDelegate */,
				18774F161CBC82E600CA2D64 /* ViewControllers */,
				188840191C24375A000899ED /* UI */,
				18126CF81CACF9CD002D26F7 /* Modules */,
				18126CF01CACC58A002D26F7 /* Core */,
				18BAB9EB1C9B895700BD575B /* Model */,
				189B03021BF195CE00A516F4 /* Utilities */,
			);
			path = EsteticaFacial;
			sourceTree = "<group>";
		};
		B81B4A751BC344AE002A306F /* EsteticaFacialTests */ = {
			isa = PBXGroup;
			children = (
				B81B4A761BC344AE002A306F /* EsteticaFacialTests.swift */,
				B81B4A781BC344AE002A306F /* Info.plist */,
			);
			path = EsteticaFacialTests;
			sourceTree = "<group>";
		};
		B81B4A801BC344AE002A306F /* EsteticaFacialUITests */ = {
			isa = PBXGroup;
			children = (
				B81B4A811BC344AE002A306F /* EsteticaFacialUITests.swift */,
				B81B4A831BC344AE002A306F /* Info.plist */,
			);
			path = EsteticaFacialUITests;
			sourceTree = "<group>";
		};
		B829B8C51BE26881009909C0 /* CG */ = {
			isa = PBXGroup;
			children = (
				B829B8CA1BE26AD3009909C0 /* Algoritmos */,
				18774F301CBC8C8B00CA2D64 /* VisaoComputacional.swift */,
				18774F311CBC8C8B00CA2D64 /* TecnicasPDI.swift */,
				18774F321CBC8C8B00CA2D64 /* PontoView.swift */,
				18774F331CBC8C8B00CA2D64 /* TratamentoEntrada.swift */,
			);
			name = CG;
			sourceTree = "<group>";
		};
		B829B8CA1BE26AD3009909C0 /* Algoritmos */ = {
			isa = PBXGroup;
			children = (
				18774F2F1CBC8C8B00CA2D64 /* LocalizadorFrontal.swift */,
			);
			name = Algoritmos;
			sourceTree = "<group>";
		};
		DF94B5721CBEA821007D5EC4 /* Date */ = {
			isa = PBXGroup;
			children = (
				DF94B5731CBEA83E007D5EC4 /* Date.swift */,
			);
			name = Date;
			sourceTree = "<group>";
		};
/* End PBXGroup section */

/* Begin PBXNativeTarget section */
		B81B4A5A1BC344AE002A306F /* EsteticaFacial */ = {
			isa = PBXNativeTarget;
			buildConfigurationList = B81B4A861BC344AE002A306F /* Build configuration list for PBXNativeTarget "EsteticaFacial" */;
			buildPhases = (
				5841CA6C1860DB6D52D7F1E8 /* [CP] Check Pods Manifest.lock */,
				B81B4A571BC344AE002A306F /* Sources */,
				B81B4A581BC344AE002A306F /* Frameworks */,
				B81B4A591BC344AE002A306F /* Resources */,
				489DDBC359D8E0AB9900A479 /* [CP] Embed Pods Frameworks */,
				5B179D35AA5FC82347271AE4 /* [CP] Copy Pods Resources */,
			);
			buildRules = (
			);
			dependencies = (
			);
			name = EsteticaFacial;
			productName = EsteticaFacial;
			productReference = B81B4A5B1BC344AE002A306F /* EsteticaFacial.app */;
			productType = "com.apple.product-type.application";
		};
		B81B4A711BC344AE002A306F /* EsteticaFacialTests */ = {
			isa = PBXNativeTarget;
			buildConfigurationList = B81B4A891BC344AE002A306F /* Build configuration list for PBXNativeTarget "EsteticaFacialTests" */;
			buildPhases = (
				EF291D070BE06912BE5F89AB /* [CP] Check Pods Manifest.lock */,
				B81B4A6E1BC344AE002A306F /* Sources */,
				B81B4A6F1BC344AE002A306F /* Frameworks */,
				B81B4A701BC344AE002A306F /* Resources */,
				9551422B3C5DEDD466E2B48B /* [CP] Embed Pods Frameworks */,
				4E59EE62BE3F728B93A60AD8 /* [CP] Copy Pods Resources */,
			);
			buildRules = (
			);
			dependencies = (
				B81B4A741BC344AE002A306F /* PBXTargetDependency */,
			);
			name = EsteticaFacialTests;
			productName = EsteticaFacialTests;
			productReference = B81B4A721BC344AE002A306F /* EsteticaFacialTests.xctest */;
			productType = "com.apple.product-type.bundle.unit-test";
		};
		B81B4A7C1BC344AE002A306F /* EsteticaFacialUITests */ = {
			isa = PBXNativeTarget;
			buildConfigurationList = B81B4A8C1BC344AE002A306F /* Build configuration list for PBXNativeTarget "EsteticaFacialUITests" */;
			buildPhases = (
				402F9D66A824061571A6F159 /* [CP] Check Pods Manifest.lock */,
				B81B4A791BC344AE002A306F /* Sources */,
				B81B4A7A1BC344AE002A306F /* Frameworks */,
				B81B4A7B1BC344AE002A306F /* Resources */,
				D8293B2BB35A1C00741D1390 /* [CP] Copy Pods Resources */,
			);
			buildRules = (
			);
			dependencies = (
				B81B4A7F1BC344AE002A306F /* PBXTargetDependency */,
			);
			name = EsteticaFacialUITests;
			productName = EsteticaFacialUITests;
			productReference = B81B4A7D1BC344AE002A306F /* EsteticaFacialUITests.xctest */;
			productType = "com.apple.product-type.bundle.ui-testing";
		};
/* End PBXNativeTarget section */

/* Begin PBXProject section */
		B81B4A531BC344AE002A306F /* Project object */ = {
			isa = PBXProject;
			attributes = {
				LastSwiftUpdateCheck = 0730;
				LastUpgradeCheck = 0700;
				ORGANIZATIONNAME = "Orlando Amorim";
				TargetAttributes = {
					B81B4A5A1BC344AE002A306F = {
						CreatedOnToolsVersion = 7.0.1;
						DevelopmentTeam = 85VCFG852X;
					};
					B81B4A711BC344AE002A306F = {
						CreatedOnToolsVersion = 7.0.1;
						TestTargetID = B81B4A5A1BC344AE002A306F;
					};
					B81B4A7C1BC344AE002A306F = {
						CreatedOnToolsVersion = 7.0.1;
						TestTargetID = B81B4A5A1BC344AE002A306F;
					};
				};
			};
			buildConfigurationList = B81B4A561BC344AE002A306F /* Build configuration list for PBXProject "EsteticaFacial" */;
			compatibilityVersion = "Xcode 3.2";
			developmentRegion = English;
			hasScannedForEncodings = 0;
			knownRegions = (
				en,
				Base,
			);
			mainGroup = B81B4A521BC344AE002A306F;
			productRefGroup = B81B4A5C1BC344AE002A306F /* Products */;
			projectDirPath = "";
			projectRoot = "";
			targets = (
				B81B4A5A1BC344AE002A306F /* EsteticaFacial */,
				B81B4A711BC344AE002A306F /* EsteticaFacialTests */,
				B81B4A7C1BC344AE002A306F /* EsteticaFacialUITests */,
			);
		};
/* End PBXProject section */

/* Begin PBXResourcesBuildPhase section */
		B81B4A591BC344AE002A306F /* Resources */ = {
			isa = PBXResourcesBuildPhase;
			buildActionMask = 2147483647;
			files = (
				18774F0B1CBC6A1900CA2D64 /* Patient.storyboard in Resources */,
				18774F101CBC760400CA2D64 /* Pods-EsteticaFacial-acknowledgements.plist in Resources */,
				184657701CCB244B0015447F /* CompareImage.storyboard in Resources */,
				18126CF51CACD9AD002D26F7 /* Camera.storyboard in Resources */,
				B81B4A6C1BC344AE002A306F /* LaunchScreen.storyboard in Resources */,
				18AFDB4B1CBB007E0052EBDA /* Settings.storyboard in Resources */,
				B81B4A691BC344AE002A306F /* Assets.xcassets in Resources */,
				B81B4A641BC344AE002A306F /* Main.storyboard in Resources */,
			);
			runOnlyForDeploymentPostprocessing = 0;
		};
		B81B4A701BC344AE002A306F /* Resources */ = {
			isa = PBXResourcesBuildPhase;
			buildActionMask = 2147483647;
			files = (
			);
			runOnlyForDeploymentPostprocessing = 0;
		};
		B81B4A7B1BC344AE002A306F /* Resources */ = {
			isa = PBXResourcesBuildPhase;
			buildActionMask = 2147483647;
			files = (
			);
			runOnlyForDeploymentPostprocessing = 0;
		};
/* End PBXResourcesBuildPhase section */

/* Begin PBXShellScriptBuildPhase section */
		402F9D66A824061571A6F159 /* [CP] Check Pods Manifest.lock */ = {
			isa = PBXShellScriptBuildPhase;
			buildActionMask = 2147483647;
			files = (
			);
			inputPaths = (
			);
			name = "[CP] Check Pods Manifest.lock";
			outputPaths = (
			);
			runOnlyForDeploymentPostprocessing = 0;
			shellPath = /bin/sh;
			shellScript = "diff \"${PODS_ROOT}/../Podfile.lock\" \"${PODS_ROOT}/Manifest.lock\" > /dev/null\nif [[ $? != 0 ]] ; then\n    cat << EOM\nerror: The sandbox is not in sync with the Podfile.lock. Run 'pod install' or update your CocoaPods installation.\nEOM\n    exit 1\nfi\n";
			showEnvVarsInLog = 0;
		};
		489DDBC359D8E0AB9900A479 /* [CP] Embed Pods Frameworks */ = {
			isa = PBXShellScriptBuildPhase;
			buildActionMask = 2147483647;
			files = (
			);
			inputPaths = (
			);
			name = "[CP] Embed Pods Frameworks";
			outputPaths = (
			);
			runOnlyForDeploymentPostprocessing = 0;
			shellPath = /bin/sh;
			shellScript = "\"${SRCROOT}/Pods/Target Support Files/Pods-EsteticaFacial/Pods-EsteticaFacial-frameworks.sh\"\n";
			showEnvVarsInLog = 0;
		};
		4E59EE62BE3F728B93A60AD8 /* [CP] Copy Pods Resources */ = {
			isa = PBXShellScriptBuildPhase;
			buildActionMask = 2147483647;
			files = (
			);
			inputPaths = (
			);
			name = "[CP] Copy Pods Resources";
			outputPaths = (
			);
			runOnlyForDeploymentPostprocessing = 0;
			shellPath = /bin/sh;
			shellScript = "\"${SRCROOT}/Pods/Target Support Files/Pods-EsteticaFacialTests/Pods-EsteticaFacialTests-resources.sh\"\n";
			showEnvVarsInLog = 0;
		};
		5841CA6C1860DB6D52D7F1E8 /* [CP] Check Pods Manifest.lock */ = {
			isa = PBXShellScriptBuildPhase;
			buildActionMask = 2147483647;
			files = (
			);
			inputPaths = (
			);
			name = "[CP] Check Pods Manifest.lock";
			outputPaths = (
			);
			runOnlyForDeploymentPostprocessing = 0;
			shellPath = /bin/sh;
			shellScript = "diff \"${PODS_ROOT}/../Podfile.lock\" \"${PODS_ROOT}/Manifest.lock\" > /dev/null\nif [[ $? != 0 ]] ; then\n    cat << EOM\nerror: The sandbox is not in sync with the Podfile.lock. Run 'pod install' or update your CocoaPods installation.\nEOM\n    exit 1\nfi\n";
			showEnvVarsInLog = 0;
		};
		5B179D35AA5FC82347271AE4 /* [CP] Copy Pods Resources */ = {
			isa = PBXShellScriptBuildPhase;
			buildActionMask = 2147483647;
			files = (
			);
			inputPaths = (
			);
			name = "[CP] Copy Pods Resources";
			outputPaths = (
			);
			runOnlyForDeploymentPostprocessing = 0;
			shellPath = /bin/sh;
			shellScript = "\"${SRCROOT}/Pods/Target Support Files/Pods-EsteticaFacial/Pods-EsteticaFacial-resources.sh\"\n";
			showEnvVarsInLog = 0;
		};
		9551422B3C5DEDD466E2B48B /* [CP] Embed Pods Frameworks */ = {
			isa = PBXShellScriptBuildPhase;
			buildActionMask = 2147483647;
			files = (
			);
			inputPaths = (
			);
			name = "[CP] Embed Pods Frameworks";
			outputPaths = (
			);
			runOnlyForDeploymentPostprocessing = 0;
			shellPath = /bin/sh;
			shellScript = "\"${SRCROOT}/Pods/Target Support Files/Pods-EsteticaFacialTests/Pods-EsteticaFacialTests-frameworks.sh\"\n";
			showEnvVarsInLog = 0;
		};
		D8293B2BB35A1C00741D1390 /* [CP] Copy Pods Resources */ = {
			isa = PBXShellScriptBuildPhase;
			buildActionMask = 2147483647;
			files = (
			);
			inputPaths = (
			);
			name = "[CP] Copy Pods Resources";
			outputPaths = (
			);
			runOnlyForDeploymentPostprocessing = 0;
			shellPath = /bin/sh;
			shellScript = "\"${SRCROOT}/Pods/Target Support Files/Pods-EsteticaFacialUITests/Pods-EsteticaFacialUITests-resources.sh\"\n";
			showEnvVarsInLog = 0;
		};
		EF291D070BE06912BE5F89AB /* [CP] Check Pods Manifest.lock */ = {
			isa = PBXShellScriptBuildPhase;
			buildActionMask = 2147483647;
			files = (
			);
			inputPaths = (
			);
			name = "[CP] Check Pods Manifest.lock";
			outputPaths = (
			);
			runOnlyForDeploymentPostprocessing = 0;
			shellPath = /bin/sh;
			shellScript = "diff \"${PODS_ROOT}/../Podfile.lock\" \"${PODS_ROOT}/Manifest.lock\" > /dev/null\nif [[ $? != 0 ]] ; then\n    cat << EOM\nerror: The sandbox is not in sync with the Podfile.lock. Run 'pod install' or update your CocoaPods installation.\nEOM\n    exit 1\nfi\n";
			showEnvVarsInLog = 0;
		};
/* End PBXShellScriptBuildPhase section */

/* Begin PBXSourcesBuildPhase section */
		B81B4A571BC344AE002A306F /* Sources */ = {
			isa = PBXSourcesBuildPhase;
			buildActionMask = 2147483647;
			files = (
				B81B4A5F1BC344AE002A306F /* AppDelegate.swift in Sources */,
				18774F1C1CBC8A1F00CA2D64 /* SurgeryDetailsVC.swift in Sources */,
				18774F261CBC8C1200CA2D64 /* VerifyImageVC.swift in Sources */,
				18AE00B51CCD37FB00A72FBF /* CompareImage.swift in Sources */,
				18B8C49C1CCC2ED500C47A40 /* HeaderCell.swift in Sources */,
				18774F1E1CBC8AC600CA2D64 /* SurgeriesTableVC.swift in Sources */,
				18774F3A1CBC8CA200CA2D64 /* CameraManager.swift in Sources */,
				18774F381CBC8C8B00CA2D64 /* TratamentoEntrada.swift in Sources */,
				18774F2E1CBC8C7200CA2D64 /* FileSaveHelper.swift in Sources */,
				18774F481CBC9DAE00CA2D64 /* PatientDetailsVC.swift in Sources */,
				18774F221CBC8B3900CA2D64 /* SurgicalPlanVC.swift in Sources */,
				18774F201CBC8B2200CA2D64 /* ProcessImageVC.swift in Sources */,
				18774F461CBC946000CA2D64 /* Enums.swift in Sources */,
				18CEB07B1BFE561900AF5198 /* MostrarCirurgiasVC.swift in Sources */,
				18CE58A61D1640B40002C604 /* RealmCloud.swift in Sources */,
				18774F2B1CBC8C5700CA2D64 /* UserDefaultsPasscodeRepository.swift in Sources */,
				18774F361CBC8C8B00CA2D64 /* TecnicasPDI.swift in Sources */,
				181C55AD1C9C43A400BC35AD /* RealmParse.swift in Sources */,
				18774F351CBC8C8B00CA2D64 /* VisaoComputacional.swift in Sources */,
				18CE58A41D163FEA0002C604 /* Ave3DTouchSimulatorSupport.m in Sources */,
				1820B5461D2E9CDE004B4876 /* CategoryCell.swift in Sources */,
				18774F371CBC8C8B00CA2D64 /* PontoView.swift in Sources */,
				18774F421CBC8D0800CA2D64 /* Teste.swift in Sources */,
				183F60A51D1856940086D2C1 /* Reachability.swift in Sources */,
				181C559D1C9C37AB00BC35AD /* SurgicalPlanning.swift in Sources */,
				18D149181CC11C31007D7353 /* Extensions.swift in Sources */,
				18BAB9ED1C9B983E00BD575B /* Patient.swift in Sources */,
				18774F341CBC8C8B00CA2D64 /* LocalizadorFrontal.swift in Sources */,
				18774F1A1CBC896500CA2D64 /* PatientsTableVC.swift in Sources */,
				DF94B5741CBEA83E007D5EC4 /* Date.swift in Sources */,
				18774F2C1CBC8C5700CA2D64 /* PasscodeLockConfiguration.swift in Sources */,
				18BAB9F61C9BA67D00BD575B /* Record.swift in Sources */,
				18774F241CBC8C0800CA2D64 /* CameraVC.swift in Sources */,
				18774F281CBC8C2500CA2D64 /* SettingsTableVC.swift in Sources */,
				18DFB1B41D2D746A00FB0317 /* CompareImagesController.swift in Sources */,
				186D22171CC3325700CBED7B /* SyncVC.swift in Sources */,
				18BAB9F31C9BA4C400BD575B /* Image.swift in Sources */,
				18774F441CBC8D0800CA2D64 /* VSReachability.swift in Sources */,
				18774F411CBC8D0800CA2D64 /* Helpers.swift in Sources */,
				18774F401CBC8D0800CA2D64 /* Protocols.swift in Sources */,
				18D326E11D08E75100ED6582 /* DropboxHelper.swift in Sources */,
				181C55A01C9C406900BC35AD /* SurgicalPlanningKey.swift in Sources */,
				181C55A41C9C408600BC35AD /* SurgicalPlanningValue.swift in Sources */,
				18314CB11CC98D14005D9AF9 /* LabInCloud.swift in Sources */,
			);
			runOnlyForDeploymentPostprocessing = 0;
		};
		B81B4A6E1BC344AE002A306F /* Sources */ = {
			isa = PBXSourcesBuildPhase;
			buildActionMask = 2147483647;
			files = (
				18E957A51D0DDDCB00AEBE49 /* Protocols.swift in Sources */,
				18E957A11D0DDDB000AEBE49 /* FileSaveHelper.swift in Sources */,
				B81B4A771BC344AE002A306F /* EsteticaFacialTests.swift in Sources */,
				18CE58A71D1640BD0002C604 /* RealmCloud.swift in Sources */,
				188E79F31CCF0A6200A0791C /* Image.swift in Sources */,
				18BAB9F71C9BA67D00BD575B /* Record.swift in Sources */,
				183F60A31D1830120086D2C1 /* Date.swift in Sources */,
				18E957A41D0DDDC900AEBE49 /* Enums.swift in Sources */,
				181C55A51C9C408600BC35AD /* SurgicalPlanningValue.swift in Sources */,
				18E9579F1D0B2FC300AEBE49 /* DropboxHelper.swift in Sources */,
				1851321E1CCEFEB7009BDC06 /* CompareImage.swift in Sources */,
				18E957A21D0DDDC400AEBE49 /* Helpers.swift in Sources */,
				18E957A31D0DDDC700AEBE49 /* Extensions.swift in Sources */,
				18E957A01D0DDD9C00AEBE49 /* SurgicalPlanning.swift in Sources */,
				183F60A61D1856940086D2C1 /* Reachability.swift in Sources */,
				18BAB9EE1C9B983E00BD575B /* Patient.swift in Sources */,
				181C55A11C9C406900BC35AD /* SurgicalPlanningKey.swift in Sources */,
				181C55AE1C9C43A400BC35AD /* RealmParse.swift in Sources */,
			);
			runOnlyForDeploymentPostprocessing = 0;
		};
		B81B4A791BC344AE002A306F /* Sources */ = {
			isa = PBXSourcesBuildPhase;
			buildActionMask = 2147483647;
			files = (
				B81B4A821BC344AE002A306F /* EsteticaFacialUITests.swift in Sources */,
			);
			runOnlyForDeploymentPostprocessing = 0;
		};
/* End PBXSourcesBuildPhase section */

/* Begin PBXTargetDependency section */
		B81B4A741BC344AE002A306F /* PBXTargetDependency */ = {
			isa = PBXTargetDependency;
			target = B81B4A5A1BC344AE002A306F /* EsteticaFacial */;
			targetProxy = B81B4A731BC344AE002A306F /* PBXContainerItemProxy */;
		};
		B81B4A7F1BC344AE002A306F /* PBXTargetDependency */ = {
			isa = PBXTargetDependency;
			target = B81B4A5A1BC344AE002A306F /* EsteticaFacial */;
			targetProxy = B81B4A7E1BC344AE002A306F /* PBXContainerItemProxy */;
		};
/* End PBXTargetDependency section */

/* Begin PBXVariantGroup section */
		18126CF31CACD9AD002D26F7 /* Camera.storyboard */ = {
			isa = PBXVariantGroup;
			children = (
				18126CF41CACD9AD002D26F7 /* Base */,
			);
			name = Camera.storyboard;
			sourceTree = "<group>";
		};
		1846576E1CCB244B0015447F /* CompareImage.storyboard */ = {
			isa = PBXVariantGroup;
			children = (
				1846576F1CCB244B0015447F /* Base */,
			);
			name = CompareImage.storyboard;
			sourceTree = "<group>";
		};
		18774F091CBC6A1900CA2D64 /* Patient.storyboard */ = {
			isa = PBXVariantGroup;
			children = (
				18774F0A1CBC6A1900CA2D64 /* Base */,
			);
			name = Patient.storyboard;
			sourceTree = "<group>";
		};
		18AFDB491CBB007E0052EBDA /* Settings.storyboard */ = {
			isa = PBXVariantGroup;
			children = (
				18AFDB4A1CBB007E0052EBDA /* Base */,
			);
			name = Settings.storyboard;
			sourceTree = "<group>";
		};
		B81B4A621BC344AE002A306F /* Main.storyboard */ = {
			isa = PBXVariantGroup;
			children = (
				B81B4A631BC344AE002A306F /* Base */,
			);
			name = Main.storyboard;
			sourceTree = "<group>";
		};
		B81B4A6A1BC344AE002A306F /* LaunchScreen.storyboard */ = {
			isa = PBXVariantGroup;
			children = (
				B81B4A6B1BC344AE002A306F /* Base */,
			);
			name = LaunchScreen.storyboard;
			sourceTree = "<group>";
		};
/* End PBXVariantGroup section */

/* Begin XCBuildConfiguration section */
		B81B4A841BC344AE002A306F /* Debug */ = {
			isa = XCBuildConfiguration;
			buildSettings = {
				ALWAYS_SEARCH_USER_PATHS = NO;
				CLANG_CXX_LANGUAGE_STANDARD = "gnu++0x";
				CLANG_CXX_LIBRARY = "libc++";
				CLANG_ENABLE_MODULES = YES;
				CLANG_ENABLE_OBJC_ARC = YES;
				CLANG_WARN_BOOL_CONVERSION = YES;
				CLANG_WARN_CONSTANT_CONVERSION = YES;
				CLANG_WARN_DIRECT_OBJC_ISA_USAGE = YES_ERROR;
				CLANG_WARN_EMPTY_BODY = YES;
				CLANG_WARN_ENUM_CONVERSION = YES;
				CLANG_WARN_INT_CONVERSION = YES;
				CLANG_WARN_OBJC_ROOT_CLASS = YES_ERROR;
				CLANG_WARN_UNREACHABLE_CODE = YES;
				CLANG_WARN__DUPLICATE_METHOD_MATCH = YES;
				"CODE_SIGN_IDENTITY[sdk=iphoneos*]" = "iPhone Developer";
				COPY_PHASE_STRIP = NO;
				DEBUG_INFORMATION_FORMAT = dwarf;
				ENABLE_STRICT_OBJC_MSGSEND = YES;
				ENABLE_TESTABILITY = YES;
				GCC_C_LANGUAGE_STANDARD = gnu99;
				GCC_DYNAMIC_NO_PIC = NO;
				GCC_NO_COMMON_BLOCKS = YES;
				GCC_OPTIMIZATION_LEVEL = 0;
				GCC_PREPROCESSOR_DEFINITIONS = (
					"DEBUG=1",
					"$(inherited)",
				);
				GCC_WARN_64_TO_32_BIT_CONVERSION = YES;
				GCC_WARN_ABOUT_RETURN_TYPE = YES_ERROR;
				GCC_WARN_UNDECLARED_SELECTOR = YES;
				GCC_WARN_UNINITIALIZED_AUTOS = YES_AGGRESSIVE;
				GCC_WARN_UNUSED_FUNCTION = YES;
				GCC_WARN_UNUSED_VARIABLE = YES;
				"HEADER_SEARCH_PATHS[arch=*]" = "";
				IPHONEOS_DEPLOYMENT_TARGET = 9.2;
				MTL_ENABLE_DEBUG_INFO = YES;
				ONLY_ACTIVE_ARCH = YES;
				SDKROOT = iphoneos;
				SWIFT_OPTIMIZATION_LEVEL = "-Onone";
			};
			name = Debug;
		};
		B81B4A851BC344AE002A306F /* Release */ = {
			isa = XCBuildConfiguration;
			buildSettings = {
				ALWAYS_SEARCH_USER_PATHS = NO;
				CLANG_CXX_LANGUAGE_STANDARD = "gnu++0x";
				CLANG_CXX_LIBRARY = "libc++";
				CLANG_ENABLE_MODULES = YES;
				CLANG_ENABLE_OBJC_ARC = YES;
				CLANG_WARN_BOOL_CONVERSION = YES;
				CLANG_WARN_CONSTANT_CONVERSION = YES;
				CLANG_WARN_DIRECT_OBJC_ISA_USAGE = YES_ERROR;
				CLANG_WARN_EMPTY_BODY = YES;
				CLANG_WARN_ENUM_CONVERSION = YES;
				CLANG_WARN_INT_CONVERSION = YES;
				CLANG_WARN_OBJC_ROOT_CLASS = YES_ERROR;
				CLANG_WARN_UNREACHABLE_CODE = YES;
				CLANG_WARN__DUPLICATE_METHOD_MATCH = YES;
				"CODE_SIGN_IDENTITY[sdk=iphoneos*]" = "iPhone Developer";
				COPY_PHASE_STRIP = NO;
				DEBUG_INFORMATION_FORMAT = "dwarf-with-dsym";
				ENABLE_NS_ASSERTIONS = NO;
				ENABLE_STRICT_OBJC_MSGSEND = YES;
				GCC_C_LANGUAGE_STANDARD = gnu99;
				GCC_NO_COMMON_BLOCKS = YES;
				GCC_WARN_64_TO_32_BIT_CONVERSION = YES;
				GCC_WARN_ABOUT_RETURN_TYPE = YES_ERROR;
				GCC_WARN_UNDECLARED_SELECTOR = YES;
				GCC_WARN_UNINITIALIZED_AUTOS = YES_AGGRESSIVE;
				GCC_WARN_UNUSED_FUNCTION = YES;
				GCC_WARN_UNUSED_VARIABLE = YES;
				IPHONEOS_DEPLOYMENT_TARGET = 9.2;
				MTL_ENABLE_DEBUG_INFO = NO;
				SDKROOT = iphoneos;
				VALIDATE_PRODUCT = YES;
			};
			name = Release;
		};
		B81B4A871BC344AE002A306F /* Debug */ = {
			isa = XCBuildConfiguration;
			baseConfigurationReference = 6E95D2E168C111122885C474 /* Pods-EsteticaFacial.debug.xcconfig */;
			buildSettings = {
				ASSETCATALOG_COMPILER_APPICON_NAME = AppIcon;
				CLANG_ENABLE_MODULES = YES;
				CLANG_WARN_DOCUMENTATION_COMMENTS = YES;
				CODE_SIGN_IDENTITY = "iPhone Developer";
				FRAMEWORK_SEARCH_PATHS = "$(inherited)";
				"HEADER_SEARCH_PATHS[arch=*]" = "Universe/estetica/**";
				INFOPLIST_FILE = EsteticaFacial/Info.plist;
				IPHONEOS_DEPLOYMENT_TARGET = 8.1;
				LD_RUNPATH_SEARCH_PATHS = "$(inherited) @executable_path/Frameworks";
				PRODUCT_BUNDLE_IDENTIFIER = com.UFPI.EsteticaFacial;
				PRODUCT_NAME = "$(TARGET_NAME)";
				SWIFT_OPTIMIZATION_LEVEL = "-Onone";
				TARGETED_DEVICE_FAMILY = "1,2";
			};
			name = Debug;
		};
		B81B4A881BC344AE002A306F /* Release */ = {
			isa = XCBuildConfiguration;
			baseConfigurationReference = D7A0B2A590A729C7B4F5BEE1 /* Pods-EsteticaFacial.release.xcconfig */;
			buildSettings = {
				ASSETCATALOG_COMPILER_APPICON_NAME = AppIcon;
				CLANG_ENABLE_MODULES = YES;
				CLANG_WARN_DOCUMENTATION_COMMENTS = YES;
				CODE_SIGN_IDENTITY = "iPhone Developer";
				FRAMEWORK_SEARCH_PATHS = "$(inherited)";
				INFOPLIST_FILE = EsteticaFacial/Info.plist;
				IPHONEOS_DEPLOYMENT_TARGET = 8.1;
				LD_RUNPATH_SEARCH_PATHS = "$(inherited) @executable_path/Frameworks";
				PRODUCT_BUNDLE_IDENTIFIER = com.UFPI.EsteticaFacial;
				PRODUCT_NAME = "$(TARGET_NAME)";
				TARGETED_DEVICE_FAMILY = "1,2";
			};
			name = Release;
		};
		B81B4A8A1BC344AE002A306F /* Debug */ = {
			isa = XCBuildConfiguration;
			baseConfigurationReference = 6A45634671BDEB351FA42C3B /* Pods-EsteticaFacialTests.debug.xcconfig */;
			buildSettings = {
				BUNDLE_LOADER = "$(TEST_HOST)";
				INFOPLIST_FILE = EsteticaFacialTests/Info.plist;
				LD_RUNPATH_SEARCH_PATHS = "$(inherited) @executable_path/Frameworks @loader_path/Frameworks";
				PRODUCT_BUNDLE_IDENTIFIER = UFPI.EsteticaFacialTests;
				PRODUCT_NAME = "$(TARGET_NAME)";
				TEST_HOST = "$(BUILT_PRODUCTS_DIR)/EsteticaFacial.app/EsteticaFacial";
			};
			name = Debug;
		};
		B81B4A8B1BC344AE002A306F /* Release */ = {
			isa = XCBuildConfiguration;
			baseConfigurationReference = 738B1DC39B6E3392CF45EA7C /* Pods-EsteticaFacialTests.release.xcconfig */;
			buildSettings = {
				BUNDLE_LOADER = "$(TEST_HOST)";
				INFOPLIST_FILE = EsteticaFacialTests/Info.plist;
				LD_RUNPATH_SEARCH_PATHS = "$(inherited) @executable_path/Frameworks @loader_path/Frameworks";
				PRODUCT_BUNDLE_IDENTIFIER = UFPI.EsteticaFacialTests;
				PRODUCT_NAME = "$(TARGET_NAME)";
				TEST_HOST = "$(BUILT_PRODUCTS_DIR)/EsteticaFacial.app/EsteticaFacial";
			};
			name = Release;
		};
		B81B4A8D1BC344AE002A306F /* Debug */ = {
			isa = XCBuildConfiguration;
			baseConfigurationReference = 8F7E7493A7B7A1FA858B4A09 /* Pods-EsteticaFacialUITests.debug.xcconfig */;
			buildSettings = {
				INFOPLIST_FILE = EsteticaFacialUITests/Info.plist;
				LD_RUNPATH_SEARCH_PATHS = "$(inherited) @executable_path/Frameworks @loader_path/Frameworks";
				PRODUCT_BUNDLE_IDENTIFIER = UFPI.EsteticaFacialUITests;
				PRODUCT_NAME = "$(TARGET_NAME)";
				TEST_TARGET_NAME = EsteticaFacial;
				USES_XCTRUNNER = YES;
			};
			name = Debug;
		};
		B81B4A8E1BC344AE002A306F /* Release */ = {
			isa = XCBuildConfiguration;
			baseConfigurationReference = 198FC3A2965D92543CBA88CC /* Pods-EsteticaFacialUITests.release.xcconfig */;
			buildSettings = {
				INFOPLIST_FILE = EsteticaFacialUITests/Info.plist;
				LD_RUNPATH_SEARCH_PATHS = "$(inherited) @executable_path/Frameworks @loader_path/Frameworks";
				PRODUCT_BUNDLE_IDENTIFIER = UFPI.EsteticaFacialUITests;
				PRODUCT_NAME = "$(TARGET_NAME)";
				TEST_TARGET_NAME = EsteticaFacial;
				USES_XCTRUNNER = YES;
			};
			name = Release;
		};
/* End XCBuildConfiguration section */

/* Begin XCConfigurationList section */
		B81B4A561BC344AE002A306F /* Build configuration list for PBXProject "EsteticaFacial" */ = {
			isa = XCConfigurationList;
			buildConfigurations = (
				B81B4A841BC344AE002A306F /* Debug */,
				B81B4A851BC344AE002A306F /* Release */,
			);
			defaultConfigurationIsVisible = 0;
			defaultConfigurationName = Release;
		};
		B81B4A861BC344AE002A306F /* Build configuration list for PBXNativeTarget "EsteticaFacial" */ = {
			isa = XCConfigurationList;
			buildConfigurations = (
				B81B4A871BC344AE002A306F /* Debug */,
				B81B4A881BC344AE002A306F /* Release */,
			);
			defaultConfigurationIsVisible = 0;
			defaultConfigurationName = Release;
		};
		B81B4A891BC344AE002A306F /* Build configuration list for PBXNativeTarget "EsteticaFacialTests" */ = {
			isa = XCConfigurationList;
			buildConfigurations = (
				B81B4A8A1BC344AE002A306F /* Debug */,
				B81B4A8B1BC344AE002A306F /* Release */,
			);
			defaultConfigurationIsVisible = 0;
			defaultConfigurationName = Release;
		};
		B81B4A8C1BC344AE002A306F /* Build configuration list for PBXNativeTarget "EsteticaFacialUITests" */ = {
			isa = XCConfigurationList;
			buildConfigurations = (
				B81B4A8D1BC344AE002A306F /* Debug */,
				B81B4A8E1BC344AE002A306F /* Release */,
			);
			defaultConfigurationIsVisible = 0;
			defaultConfigurationName = Release;
		};
/* End XCConfigurationList section */
	};
	rootObject = B81B4A531BC344AE002A306F /* Project object */;
}
