// !$*UTF8*$!
{
	archiveVersion = 1;
	classes = {
	};
	objectVersion = 46;
	objects = {

/* Begin PBXBuildFile section */
		18126CE71CAB05B3002D26F7 /* Settings.swift in Sources */ = {isa = PBXBuildFile; fileRef = 18126CE61CAB05B3002D26F7 /* Settings.swift */; };
		18126CED1CAB82D9002D26F7 /* SurgeryData.storyboard in Resources */ = {isa = PBXBuildFile; fileRef = 18126CEB1CAB82D9002D26F7 /* SurgeryData.storyboard */; };
		18126CF21CACC5F7002D26F7 /* CameraManager.swift in Sources */ = {isa = PBXBuildFile; fileRef = 18126CF11CACC5F7002D26F7 /* CameraManager.swift */; };
		18126CF51CACD9AD002D26F7 /* CameraScreen.storyboard in Resources */ = {isa = PBXBuildFile; fileRef = 18126CF31CACD9AD002D26F7 /* CameraScreen.storyboard */; };
		18126CF71CACF9C4002D26F7 /* VerifyImageVC.swift in Sources */ = {isa = PBXBuildFile; fileRef = 18126CF61CACF9C4002D26F7 /* VerifyImageVC.swift */; };
		181C559D1C9C37AB00BC35AD /* SurgicalPlanning.swift in Sources */ = {isa = PBXBuildFile; fileRef = 181C559C1C9C37AB00BC35AD /* SurgicalPlanning.swift */; };
		181C559E1C9C37AB00BC35AD /* SurgicalPlanning.swift in Sources */ = {isa = PBXBuildFile; fileRef = 181C559C1C9C37AB00BC35AD /* SurgicalPlanning.swift */; };
		181C55A01C9C406900BC35AD /* SurgicalPlanningKey.swift in Sources */ = {isa = PBXBuildFile; fileRef = 181C559F1C9C406900BC35AD /* SurgicalPlanningKey.swift */; };
		181C55A11C9C406900BC35AD /* SurgicalPlanningKey.swift in Sources */ = {isa = PBXBuildFile; fileRef = 181C559F1C9C406900BC35AD /* SurgicalPlanningKey.swift */; };
		181C55A41C9C408600BC35AD /* SurgicalPlanningValue.swift in Sources */ = {isa = PBXBuildFile; fileRef = 181C55A31C9C408600BC35AD /* SurgicalPlanningValue.swift */; };
		181C55A51C9C408600BC35AD /* SurgicalPlanningValue.swift in Sources */ = {isa = PBXBuildFile; fileRef = 181C55A31C9C408600BC35AD /* SurgicalPlanningValue.swift */; };
		181C55AD1C9C43A400BC35AD /* RealmParse.swift in Sources */ = {isa = PBXBuildFile; fileRef = 181C55AC1C9C43A400BC35AD /* RealmParse.swift */; };
		181C55AE1C9C43A400BC35AD /* RealmParse.swift in Sources */ = {isa = PBXBuildFile; fileRef = 181C55AC1C9C43A400BC35AD /* RealmParse.swift */; };
		181C89D71C307ED3003FC62D /* ProcessImageVC.swift in Sources */ = {isa = PBXBuildFile; fileRef = 181C89D61C307ED3003FC62D /* ProcessImageVC.swift */; };
		181FF7161C1A657E00313E57 /* Protocols.swift in Sources */ = {isa = PBXBuildFile; fileRef = 181FF7151C1A657E00313E57 /* Protocols.swift */; };
		183D2F4E1BD9E8150033BDA3 /* PacientesTableVC.swift in Sources */ = {isa = PBXBuildFile; fileRef = 183D2F4D1BD9E8150033BDA3 /* PacientesTableVC.swift */; };
		1865CADA1BF180B00035BDC6 /* AUFichaVC.swift in Sources */ = {isa = PBXBuildFile; fileRef = 1865CAD91BF180B00035BDC6 /* AUFichaVC.swift */; };
		1873AFA81BEC3F4800987DCB /* ProcedimentosCirurgicosVC.swift in Sources */ = {isa = PBXBuildFile; fileRef = 1873AFA71BEC3F4800987DCB /* ProcedimentosCirurgicosVC.swift */; };
		187524AE1C2A638700FA0A95 /* CameraVC.swift in Sources */ = {isa = PBXBuildFile; fileRef = 187524AD1C2A638700FA0A95 /* CameraVC.swift */; };
		189B03041BF1964500A516F4 /* Helpers.swift in Sources */ = {isa = PBXBuildFile; fileRef = 189B03031BF1964500A516F4 /* Helpers.swift */; };
		18B8000D1CB1711A00F150D0 /* FileSaveHelper.swift in Sources */ = {isa = PBXBuildFile; fileRef = 18B8000C1CB1711900F150D0 /* FileSaveHelper.swift */; };
		18BAB9ED1C9B983E00BD575B /* Patient.swift in Sources */ = {isa = PBXBuildFile; fileRef = 18BAB9EC1C9B983E00BD575B /* Patient.swift */; };
		18BAB9EE1C9B983E00BD575B /* Patient.swift in Sources */ = {isa = PBXBuildFile; fileRef = 18BAB9EC1C9B983E00BD575B /* Patient.swift */; };
		18BAB9F31C9BA4C400BD575B /* Image.swift in Sources */ = {isa = PBXBuildFile; fileRef = 18BAB9F21C9BA4C400BD575B /* Image.swift */; };
		18BAB9F41C9BA4C400BD575B /* Image.swift in Sources */ = {isa = PBXBuildFile; fileRef = 18BAB9F21C9BA4C400BD575B /* Image.swift */; };
		18BAB9F61C9BA67D00BD575B /* Record.swift in Sources */ = {isa = PBXBuildFile; fileRef = 18BAB9F51C9BA67D00BD575B /* Record.swift */; };
		18BAB9F71C9BA67D00BD575B /* Record.swift in Sources */ = {isa = PBXBuildFile; fileRef = 18BAB9F51C9BA67D00BD575B /* Record.swift */; };
		18CEB07B1BFE561900AF5198 /* MostrarCirurgiasVC.swift in Sources */ = {isa = PBXBuildFile; fileRef = 18CEB07A1BFE561900AF5198 /* MostrarCirurgiasVC.swift */; };
		18E518781CB1A84D00E308BD /* Pods_EsteticaFacial.framework in Frameworks */ = {isa = PBXBuildFile; fileRef = 18E518771CB1A84D00E308BD /* Pods_EsteticaFacial.framework */; };
		18F6F1151BDD6A0A008DA5B1 /* VSReachability.swift in Sources */ = {isa = PBXBuildFile; fileRef = 18F6F1141BDD6A0A008DA5B1 /* VSReachability.swift */; };
		18F6F1171BDDE632008DA5B1 /* Teste.swift in Sources */ = {isa = PBXBuildFile; fileRef = 18F6F1161BDDE632008DA5B1 /* Teste.swift */; };
		B81B4A5F1BC344AE002A306F /* AppDelegate.swift in Sources */ = {isa = PBXBuildFile; fileRef = B81B4A5E1BC344AE002A306F /* AppDelegate.swift */; };
		B81B4A641BC344AE002A306F /* Main.storyboard in Resources */ = {isa = PBXBuildFile; fileRef = B81B4A621BC344AE002A306F /* Main.storyboard */; };
		B81B4A691BC344AE002A306F /* Assets.xcassets in Resources */ = {isa = PBXBuildFile; fileRef = B81B4A681BC344AE002A306F /* Assets.xcassets */; };
		B81B4A6C1BC344AE002A306F /* LaunchScreen.storyboard in Resources */ = {isa = PBXBuildFile; fileRef = B81B4A6A1BC344AE002A306F /* LaunchScreen.storyboard */; };
		B81B4A771BC344AE002A306F /* EsteticaFacialTests.swift in Sources */ = {isa = PBXBuildFile; fileRef = B81B4A761BC344AE002A306F /* EsteticaFacialTests.swift */; };
		B81B4A821BC344AE002A306F /* EsteticaFacialUITests.swift in Sources */ = {isa = PBXBuildFile; fileRef = B81B4A811BC344AE002A306F /* EsteticaFacialUITests.swift */; };
		B829B8C71BE26AB7009909C0 /* TratamentoEntrada.swift in Sources */ = {isa = PBXBuildFile; fileRef = B829B8C61BE26AB7009909C0 /* TratamentoEntrada.swift */; };
		B829B8C91BE26ACF009909C0 /* TecnicasPDI.swift in Sources */ = {isa = PBXBuildFile; fileRef = B829B8C81BE26ACF009909C0 /* TecnicasPDI.swift */; };
		B85392811BD5E64E000DCD91 /* PontoView.swift in Sources */ = {isa = PBXBuildFile; fileRef = B85392801BD5E64E000DCD91 /* PontoView.swift */; };
		B8AFADA11BE8DF5F000EF30A /* LocalizadorFrontal.swift in Sources */ = {isa = PBXBuildFile; fileRef = B8AFADA01BE8DF5F000EF30A /* LocalizadorFrontal.swift */; };
		B8AFADA31BE8ED83000EF30A /* VisaoComputacional.swift in Sources */ = {isa = PBXBuildFile; fileRef = B8AFADA21BE8ED83000EF30A /* VisaoComputacional.swift */; };
		B8F7E0E11BD5415F0053B948 /* CoreVideo.framework in Frameworks */ = {isa = PBXBuildFile; fileRef = B8F7E0E01BD5415F0053B948 /* CoreVideo.framework */; };
/* End PBXBuildFile section */

/* Begin PBXContainerItemProxy section */
		B81B4A731BC344AE002A306F /* PBXContainerItemProxy */ = {
			isa = PBXContainerItemProxy;
			containerPortal = B81B4A531BC344AE002A306F /* Project object */;
			proxyType = 1;
			remoteGlobalIDString = B81B4A5A1BC344AE002A306F;
			remoteInfo = EsteticaFacial;
		};
		B81B4A7E1BC344AE002A306F /* PBXContainerItemProxy */ = {
			isa = PBXContainerItemProxy;
			containerPortal = B81B4A531BC344AE002A306F /* Project object */;
			proxyType = 1;
			remoteGlobalIDString = B81B4A5A1BC344AE002A306F;
			remoteInfo = EsteticaFacial;
		};
/* End PBXContainerItemProxy section */

/* Begin PBXFileReference section */
		18126CE61CAB05B3002D26F7 /* Settings.swift */ = {isa = PBXFileReference; fileEncoding = 4; lastKnownFileType = sourcecode.swift; name = Settings.swift; path = Settings/Settings.swift; sourceTree = "<group>"; };
		18126CEC1CAB82D9002D26F7 /* Base */ = {isa = PBXFileReference; lastKnownFileType = file.storyboard; name = Base; path = Base.lproj/SurgeryData.storyboard; sourceTree = "<group>"; };
		18126CF11CACC5F7002D26F7 /* CameraManager.swift */ = {isa = PBXFileReference; fileEncoding = 4; lastKnownFileType = sourcecode.swift; name = CameraManager.swift; path = Classes/Core/CameraManager.swift; sourceTree = "<group>"; };
		18126CF41CACD9AD002D26F7 /* Base */ = {isa = PBXFileReference; lastKnownFileType = file.storyboard; name = Base; path = Base.lproj/CameraScreen.storyboard; sourceTree = "<group>"; };
		18126CF61CACF9C4002D26F7 /* VerifyImageVC.swift */ = {isa = PBXFileReference; fileEncoding = 4; lastKnownFileType = sourcecode.swift; name = VerifyImageVC.swift; path = Classes/Modules/Camera/VerifyImageVC.swift; sourceTree = "<group>"; };
		181C559C1C9C37AB00BC35AD /* SurgicalPlanning.swift */ = {isa = PBXFileReference; fileEncoding = 4; lastKnownFileType = sourcecode.swift; name = SurgicalPlanning.swift; path = "Model/Surgical Planning/SurgicalPlanning.swift"; sourceTree = "<group>"; };
		181C559F1C9C406900BC35AD /* SurgicalPlanningKey.swift */ = {isa = PBXFileReference; fileEncoding = 4; lastKnownFileType = sourcecode.swift; name = SurgicalPlanningKey.swift; path = "Model/Surgical Planning/SurgicalPlanningKey/SurgicalPlanningKey.swift"; sourceTree = "<group>"; };
		181C55A31C9C408600BC35AD /* SurgicalPlanningValue.swift */ = {isa = PBXFileReference; fileEncoding = 4; lastKnownFileType = sourcecode.swift; name = SurgicalPlanningValue.swift; path = "Model/Surgical Planning/SurgicalPlanningValue/SurgicalPlanningValue.swift"; sourceTree = "<group>"; };
		181C55AC1C9C43A400BC35AD /* RealmParse.swift */ = {isa = PBXFileReference; fileEncoding = 4; lastKnownFileType = sourcecode.swift; name = RealmParse.swift; path = Model/RealmParse/RealmParse.swift; sourceTree = "<group>"; };
		181C89D61C307ED3003FC62D /* ProcessImageVC.swift */ = {isa = PBXFileReference; fileEncoding = 4; lastKnownFileType = sourcecode.swift; path = ProcessImageVC.swift; sourceTree = "<group>"; };
		181FF7151C1A657E00313E57 /* Protocols.swift */ = {isa = PBXFileReference; fileEncoding = 4; lastKnownFileType = sourcecode.swift; path = Protocols.swift; sourceTree = "<group>"; };
		183D2F4D1BD9E8150033BDA3 /* PacientesTableVC.swift */ = {isa = PBXFileReference; fileEncoding = 4; lastKnownFileType = sourcecode.swift; path = PacientesTableVC.swift; sourceTree = "<group>"; };
		1865CAD91BF180B00035BDC6 /* AUFichaVC.swift */ = {isa = PBXFileReference; fileEncoding = 4; lastKnownFileType = sourcecode.swift; path = AUFichaVC.swift; sourceTree = "<group>"; };
		1873AFA71BEC3F4800987DCB /* ProcedimentosCirurgicosVC.swift */ = {isa = PBXFileReference; fileEncoding = 4; lastKnownFileType = sourcecode.swift; path = ProcedimentosCirurgicosVC.swift; sourceTree = "<group>"; };
		187524AD1C2A638700FA0A95 /* CameraVC.swift */ = {isa = PBXFileReference; fileEncoding = 4; lastKnownFileType = sourcecode.swift; path = CameraVC.swift; sourceTree = "<group>"; };
		189B03031BF1964500A516F4 /* Helpers.swift */ = {isa = PBXFileReference; fileEncoding = 4; lastKnownFileType = sourcecode.swift; path = Helpers.swift; sourceTree = "<group>"; };
		18B8000C1CB1711900F150D0 /* FileSaveHelper.swift */ = {isa = PBXFileReference; fileEncoding = 4; lastKnownFileType = sourcecode.swift; name = FileSaveHelper.swift; path = Classes/Core/FileSaveHelper.swift; sourceTree = "<group>"; };
		18BAB9EC1C9B983E00BD575B /* Patient.swift */ = {isa = PBXFileReference; fileEncoding = 4; lastKnownFileType = sourcecode.swift; name = Patient.swift; path = Model/Patient/Patient.swift; sourceTree = "<group>"; };
		18BAB9F21C9BA4C400BD575B /* Image.swift */ = {isa = PBXFileReference; fileEncoding = 4; lastKnownFileType = sourcecode.swift; name = Image.swift; path = Model/Photo/Image.swift; sourceTree = "<group>"; };
		18BAB9F51C9BA67D00BD575B /* Record.swift */ = {isa = PBXFileReference; fileEncoding = 4; lastKnownFileType = sourcecode.swift; name = Record.swift; path = Model/Record/Record.swift; sourceTree = "<group>"; };
		18CEB07A1BFE561900AF5198 /* MostrarCirurgiasVC.swift */ = {isa = PBXFileReference; fileEncoding = 4; lastKnownFileType = sourcecode.swift; path = MostrarCirurgiasVC.swift; sourceTree = "<group>"; };
		18E518771CB1A84D00E308BD /* Pods_EsteticaFacial.framework */ = {isa = PBXFileReference; lastKnownFileType = wrapper.framework; name = Pods_EsteticaFacial.framework; path = "../Library/Developer/Xcode/DerivedData/EsteticaFacial-bnsjnwbhszlttnfvdrmwuuqmojhx/Build/Products/Debug-iphonesimulator/Pods_EsteticaFacial.framework"; sourceTree = "<group>"; };
		18F6F1141BDD6A0A008DA5B1 /* VSReachability.swift */ = {isa = PBXFileReference; fileEncoding = 4; lastKnownFileType = sourcecode.swift; path = VSReachability.swift; sourceTree = "<group>"; };
		18F6F1161BDDE632008DA5B1 /* Teste.swift */ = {isa = PBXFileReference; fileEncoding = 4; lastKnownFileType = sourcecode.swift; path = Teste.swift; sourceTree = "<group>"; };
		24F0A10AE2D837209F9039E7 /* Pods-EsteticaFacial.debug.xcconfig */ = {isa = PBXFileReference; includeInIndex = 1; lastKnownFileType = text.xcconfig; name = "Pods-EsteticaFacial.debug.xcconfig"; path = "Pods/Target Support Files/Pods-EsteticaFacial/Pods-EsteticaFacial.debug.xcconfig"; sourceTree = "<group>"; };
		2822637C4A48596B8AC4E44B /* Pods-EsteticaFacial.release.xcconfig */ = {isa = PBXFileReference; includeInIndex = 1; lastKnownFileType = text.xcconfig; name = "Pods-EsteticaFacial.release.xcconfig"; path = "Pods/Target Support Files/Pods-EsteticaFacial/Pods-EsteticaFacial.release.xcconfig"; sourceTree = "<group>"; };
		B81B4A5B1BC344AE002A306F /* EsteticaFacial.app */ = {isa = PBXFileReference; explicitFileType = wrapper.application; includeInIndex = 0; path = EsteticaFacial.app; sourceTree = BUILT_PRODUCTS_DIR; };
		B81B4A5E1BC344AE002A306F /* AppDelegate.swift */ = {isa = PBXFileReference; lastKnownFileType = sourcecode.swift; path = AppDelegate.swift; sourceTree = "<group>"; };
		B81B4A631BC344AE002A306F /* Base */ = {isa = PBXFileReference; lastKnownFileType = file.storyboard; name = Base; path = Base.lproj/Main.storyboard; sourceTree = "<group>"; };
		B81B4A681BC344AE002A306F /* Assets.xcassets */ = {isa = PBXFileReference; lastKnownFileType = folder.assetcatalog; path = Assets.xcassets; sourceTree = "<group>"; };
		B81B4A6B1BC344AE002A306F /* Base */ = {isa = PBXFileReference; lastKnownFileType = file.storyboard; name = Base; path = Base.lproj/LaunchScreen.storyboard; sourceTree = "<group>"; };
		B81B4A6D1BC344AE002A306F /* Info.plist */ = {isa = PBXFileReference; lastKnownFileType = text.plist.xml; path = Info.plist; sourceTree = "<group>"; };
		B81B4A721BC344AE002A306F /* EsteticaFacialTests.xctest */ = {isa = PBXFileReference; explicitFileType = wrapper.cfbundle; includeInIndex = 0; path = EsteticaFacialTests.xctest; sourceTree = BUILT_PRODUCTS_DIR; };
		B81B4A761BC344AE002A306F /* EsteticaFacialTests.swift */ = {isa = PBXFileReference; lastKnownFileType = sourcecode.swift; path = EsteticaFacialTests.swift; sourceTree = "<group>"; };
		B81B4A781BC344AE002A306F /* Info.plist */ = {isa = PBXFileReference; lastKnownFileType = text.plist.xml; path = Info.plist; sourceTree = "<group>"; };
		B81B4A7D1BC344AE002A306F /* EsteticaFacialUITests.xctest */ = {isa = PBXFileReference; explicitFileType = wrapper.cfbundle; includeInIndex = 0; path = EsteticaFacialUITests.xctest; sourceTree = BUILT_PRODUCTS_DIR; };
		B81B4A811BC344AE002A306F /* EsteticaFacialUITests.swift */ = {isa = PBXFileReference; lastKnownFileType = sourcecode.swift; path = EsteticaFacialUITests.swift; sourceTree = "<group>"; };
		B81B4A831BC344AE002A306F /* Info.plist */ = {isa = PBXFileReference; lastKnownFileType = text.plist.xml; path = Info.plist; sourceTree = "<group>"; };
		B829B8C61BE26AB7009909C0 /* TratamentoEntrada.swift */ = {isa = PBXFileReference; fileEncoding = 4; lastKnownFileType = sourcecode.swift; path = TratamentoEntrada.swift; sourceTree = "<group>"; };
		B829B8C81BE26ACF009909C0 /* TecnicasPDI.swift */ = {isa = PBXFileReference; fileEncoding = 4; lastKnownFileType = sourcecode.swift; path = TecnicasPDI.swift; sourceTree = "<group>"; };
		B85392801BD5E64E000DCD91 /* PontoView.swift */ = {isa = PBXFileReference; fileEncoding = 4; lastKnownFileType = sourcecode.swift; path = PontoView.swift; sourceTree = "<group>"; };
		B8AFADA01BE8DF5F000EF30A /* LocalizadorFrontal.swift */ = {isa = PBXFileReference; fileEncoding = 4; lastKnownFileType = sourcecode.swift; path = LocalizadorFrontal.swift; sourceTree = "<group>"; };
		B8AFADA21BE8ED83000EF30A /* VisaoComputacional.swift */ = {isa = PBXFileReference; fileEncoding = 4; lastKnownFileType = sourcecode.swift; path = VisaoComputacional.swift; sourceTree = "<group>"; };
		B8F7E0E01BD5415F0053B948 /* CoreVideo.framework */ = {isa = PBXFileReference; lastKnownFileType = wrapper.framework; name = CoreVideo.framework; path = System/Library/Frameworks/CoreVideo.framework; sourceTree = SDKROOT; };
/* End PBXFileReference section */

/* Begin PBXFrameworksBuildPhase section */
		B81B4A581BC344AE002A306F /* Frameworks */ = {
			isa = PBXFrameworksBuildPhase;
			buildActionMask = 2147483647;
			files = (
				18E518781CB1A84D00E308BD /* Pods_EsteticaFacial.framework in Frameworks */,
				B8F7E0E11BD5415F0053B948 /* CoreVideo.framework in Frameworks */,
			);
			runOnlyForDeploymentPostprocessing = 0;
		};
		B81B4A6F1BC344AE002A306F /* Frameworks */ = {
			isa = PBXFrameworksBuildPhase;
			buildActionMask = 2147483647;
			files = (
			);
			runOnlyForDeploymentPostprocessing = 0;
		};
		B81B4A7A1BC344AE002A306F /* Frameworks */ = {
			isa = PBXFrameworksBuildPhase;
			buildActionMask = 2147483647;
			files = (
			);
			runOnlyForDeploymentPostprocessing = 0;
		};
/* End PBXFrameworksBuildPhase section */

/* Begin PBXGroup section */
		18126CDC1CAACC6B002D26F7 /* Pacientes */ = {
			isa = PBXGroup;
			children = (
				183D2F4D1BD9E8150033BDA3 /* PacientesTableVC.swift */,
			);
			name = Pacientes;
			sourceTree = "<group>";
		};
		18126CDD1CAACC85002D26F7 /* Add / Update Pacientes */ = {
			isa = PBXGroup;
			children = (
				1865CAD91BF180B00035BDC6 /* AUFichaVC.swift */,
			);
			name = "Add / Update Pacientes";
			sourceTree = "<group>";
		};
		18126CEF1CACC557002D26F7 /* Classes */ = {
			isa = PBXGroup;
			children = (
				188840191C24375A000899ED /* UI */,
				18126CF81CACF9CD002D26F7 /* Modules */,
				18126CF01CACC58A002D26F7 /* Core */,
				18BAB9EB1C9B895700BD575B /* Model */,
			);
			name = Classes;
			sourceTree = "<group>";
		};
		18126CF01CACC58A002D26F7 /* Core */ = {
			isa = PBXGroup;
			children = (
				1859C07F1CB58A2000FD15F5 /* FileSaveHelper */,
				B829B8C51BE26881009909C0 /* CG */,
				1859C07E1CB58A1700FD15F5 /* CameraManager */,
			);
			name = Core;
			sourceTree = "<group>";
		};
		18126CF81CACF9CD002D26F7 /* Modules */ = {
			isa = PBXGroup;
			children = (
				18126CF91CACF9D3002D26F7 /* Camera */,
			);
			name = Modules;
			sourceTree = "<group>";
		};
		18126CF91CACF9D3002D26F7 /* Camera */ = {
			isa = PBXGroup;
			children = (
				187524AD1C2A638700FA0A95 /* CameraVC.swift */,
				18126CF61CACF9C4002D26F7 /* VerifyImageVC.swift */,
			);
			name = Camera;
			sourceTree = "<group>";
		};
		181C55A61C9C409400BC35AD /* SurgicalPlanning */ = {
			isa = PBXGroup;
			children = (
				181C559C1C9C37AB00BC35AD /* SurgicalPlanning.swift */,
				181C55A71C9C409C00BC35AD /* Key */,
				181C55A81C9C40A100BC35AD /* Value */,
			);
			name = SurgicalPlanning;
			sourceTree = "<group>";
		};
		181C55A71C9C409C00BC35AD /* Key */ = {
			isa = PBXGroup;
			children = (
				181C559F1C9C406900BC35AD /* SurgicalPlanningKey.swift */,
			);
			name = Key;
			sourceTree = "<group>";
		};
		181C55A81C9C40A100BC35AD /* Value */ = {
			isa = PBXGroup;
			children = (
				181C55A31C9C408600BC35AD /* SurgicalPlanningValue.swift */,
			);
			name = Value;
			sourceTree = "<group>";
		};
		181C55A91C9C40AB00BC35AD /* Image */ = {
			isa = PBXGroup;
			children = (
				18BAB9F21C9BA4C400BD575B /* Image.swift */,
			);
			name = Image;
			sourceTree = "<group>";
		};
		181C55AA1C9C40B300BC35AD /* Patient */ = {
			isa = PBXGroup;
			children = (
				18BAB9EC1C9B983E00BD575B /* Patient.swift */,
			);
			name = Patient;
			sourceTree = "<group>";
		};
		181C55AB1C9C40BC00BC35AD /* Record */ = {
			isa = PBXGroup;
			children = (
				18BAB9F51C9BA67D00BD575B /* Record.swift */,
			);
			name = Record;
			sourceTree = "<group>";
		};
		183D2F4C1BD9E68D0033BDA3 /* Supporting Files */ = {
			isa = PBXGroup;
			children = (
				188840221C245078000899ED /* AppDelegate */,
				B81B4A681BC344AE002A306F /* Assets.xcassets */,
				B81B4A6D1BC344AE002A306F /* Info.plist */,
				18F6F1131BDD69E5008DA5B1 /* NetworkVerify */,
				18F6F1161BDDE632008DA5B1 /* Teste.swift */,
			);
			name = "Supporting Files";
			path = EsteticaFacial;
			sourceTree = "<group>";
		};
		1859C07E1CB58A1700FD15F5 /* CameraManager */ = {
			isa = PBXGroup;
			children = (
				18126CF11CACC5F7002D26F7 /* CameraManager.swift */,
			);
			name = CameraManager;
			sourceTree = "<group>";
		};
		1859C07F1CB58A2000FD15F5 /* FileSaveHelper */ = {
			isa = PBXGroup;
			children = (
				18B8000C1CB1711900F150D0 /* FileSaveHelper.swift */,
			);
			name = FileSaveHelper;
			sourceTree = "<group>";
		};
		187AD4291CAF069F002EF035 /* Procedimentos Cirurgicos */ = {
			isa = PBXGroup;
			children = (
				1873AFA71BEC3F4800987DCB /* ProcedimentosCirurgicosVC.swift */,
			);
			name = "Procedimentos Cirurgicos";
			sourceTree = "<group>";
		};
		187AD42A1CAF06AC002EF035 /* Process Image */ = {
			isa = PBXGroup;
			children = (
				181C89D61C307ED3003FC62D /* ProcessImageVC.swift */,
			);
			name = "Process Image";
			sourceTree = "<group>";
		};
		1883EA601BF10814000F22A3 /* Ficha  */ = {
			isa = PBXGroup;
			children = (
				18126CDC1CAACC6B002D26F7 /* Pacientes */,
				18126CDD1CAACC85002D26F7 /* Add / Update Pacientes */,
				187AD4291CAF069F002EF035 /* Procedimentos Cirurgicos */,
				187AD42A1CAF06AC002EF035 /* Process Image */,
			);
			name = "Ficha ";
			sourceTree = "<group>";
		};
		188840191C24375A000899ED /* UI */ = {
			isa = PBXGroup;
			children = (
				B81B4A621BC344AE002A306F /* Main.storyboard */,
				B81B4A6A1BC344AE002A306F /* LaunchScreen.storyboard */,
				18126CEB1CAB82D9002D26F7 /* SurgeryData.storyboard */,
				18126CF31CACD9AD002D26F7 /* CameraScreen.storyboard */,
			);
			name = UI;
			sourceTree = "<group>";
		};
		188840221C245078000899ED /* AppDelegate */ = {
			isa = PBXGroup;
			children = (
				B81B4A5E1BC344AE002A306F /* AppDelegate.swift */,
			);
			name = AppDelegate;
			sourceTree = "<group>";
		};
		189B03021BF195CE00A516F4 /* Helper */ = {
			isa = PBXGroup;
			children = (
				189B03031BF1964500A516F4 /* Helpers.swift */,
				B85392801BD5E64E000DCD91 /* PontoView.swift */,
				181FF7151C1A657E00313E57 /* Protocols.swift */,
				18CEB07A1BFE561900AF5198 /* MostrarCirurgiasVC.swift */,
			);
			name = Helper;
			sourceTree = "<group>";
		};
		18BAB9EB1C9B895700BD575B /* Model */ = {
			isa = PBXGroup;
			children = (
				181C55AC1C9C43A400BC35AD /* RealmParse.swift */,
				181C55AB1C9C40BC00BC35AD /* Record */,
				181C55AA1C9C40B300BC35AD /* Patient */,
				181C55A91C9C40AB00BC35AD /* Image */,
				181C55A61C9C409400BC35AD /* SurgicalPlanning */,
			);
			name = Model;
			sourceTree = "<group>";
		};
		18F6F1131BDD69E5008DA5B1 /* NetworkVerify */ = {
			isa = PBXGroup;
			children = (
				18F6F1141BDD6A0A008DA5B1 /* VSReachability.swift */,
			);
			name = NetworkVerify;
			sourceTree = "<group>";
		};
		18FEC0431BFC09EC008AA555 /* Configurações */ = {
			isa = PBXGroup;
			children = (
				18126CE61CAB05B3002D26F7 /* Settings.swift */,
			);
			name = "Configurações";
			sourceTree = "<group>";
		};
		3C1E51D102712B0780A8A2D6 /* Pods */ = {
			isa = PBXGroup;
			children = (
				24F0A10AE2D837209F9039E7 /* Pods-EsteticaFacial.debug.xcconfig */,
				2822637C4A48596B8AC4E44B /* Pods-EsteticaFacial.release.xcconfig */,
			);
			name = Pods;
			sourceTree = "<group>";
		};
		5B6EEE5922A447A0B8B835E0 /* Frameworks */ = {
			isa = PBXGroup;
			children = (
				18E518771CB1A84D00E308BD /* Pods_EsteticaFacial.framework */,
				B8F7E0E01BD5415F0053B948 /* CoreVideo.framework */,
			);
			name = Frameworks;
			sourceTree = "<group>";
		};
		B81B4A521BC344AE002A306F = {
			isa = PBXGroup;
			children = (
				B81B4A5D1BC344AE002A306F /* EsteticaFacial */,
				183D2F4C1BD9E68D0033BDA3 /* Supporting Files */,
				B81B4A751BC344AE002A306F /* EsteticaFacialTests */,
				B81B4A801BC344AE002A306F /* EsteticaFacialUITests */,
				B81B4A5C1BC344AE002A306F /* Products */,
				5B6EEE5922A447A0B8B835E0 /* Frameworks */,
				3C1E51D102712B0780A8A2D6 /* Pods */,
			);
			sourceTree = "<group>";
		};
		B81B4A5C1BC344AE002A306F /* Products */ = {
			isa = PBXGroup;
			children = (
				B81B4A5B1BC344AE002A306F /* EsteticaFacial.app */,
				B81B4A721BC344AE002A306F /* EsteticaFacialTests.xctest */,
				B81B4A7D1BC344AE002A306F /* EsteticaFacialUITests.xctest */,
			);
			name = Products;
			sourceTree = "<group>";
		};
		B81B4A5D1BC344AE002A306F /* EsteticaFacial */ = {
			isa = PBXGroup;
			children = (
				18126CEF1CACC557002D26F7 /* Classes */,
				1883EA601BF10814000F22A3 /* Ficha  */,
				18FEC0431BFC09EC008AA555 /* Configurações */,
				189B03021BF195CE00A516F4 /* Helper */,
			);
			path = EsteticaFacial;
			sourceTree = "<group>";
		};
		B81B4A751BC344AE002A306F /* EsteticaFacialTests */ = {
			isa = PBXGroup;
			children = (
				B81B4A761BC344AE002A306F /* EsteticaFacialTests.swift */,
				B81B4A781BC344AE002A306F /* Info.plist */,
			);
			path = EsteticaFacialTests;
			sourceTree = "<group>";
		};
		B81B4A801BC344AE002A306F /* EsteticaFacialUITests */ = {
			isa = PBXGroup;
			children = (
				B81B4A811BC344AE002A306F /* EsteticaFacialUITests.swift */,
				B81B4A831BC344AE002A306F /* Info.plist */,
			);
			path = EsteticaFacialUITests;
			sourceTree = "<group>";
		};
		B829B8C51BE26881009909C0 /* CG */ = {
			isa = PBXGroup;
			children = (
				B829B8CA1BE26AD3009909C0 /* Algoritmos */,
				B829B8C61BE26AB7009909C0 /* TratamentoEntrada.swift */,
				B829B8C81BE26ACF009909C0 /* TecnicasPDI.swift */,
				B8AFADA21BE8ED83000EF30A /* VisaoComputacional.swift */,
			);
			name = CG;
			sourceTree = "<group>";
		};
		B829B8CA1BE26AD3009909C0 /* Algoritmos */ = {
			isa = PBXGroup;
			children = (
				B8AFADA01BE8DF5F000EF30A /* LocalizadorFrontal.swift */,
			);
			name = Algoritmos;
			sourceTree = "<group>";
		};
/* End PBXGroup section */

/* Begin PBXNativeTarget section */
		B81B4A5A1BC344AE002A306F /* EsteticaFacial */ = {
			isa = PBXNativeTarget;
			buildConfigurationList = B81B4A861BC344AE002A306F /* Build configuration list for PBXNativeTarget "EsteticaFacial" */;
			buildPhases = (
				BA56F896191E96859A6A4DF2 /* Check Pods Manifest.lock */,
				B81B4A571BC344AE002A306F /* Sources */,
				B81B4A581BC344AE002A306F /* Frameworks */,
				B81B4A591BC344AE002A306F /* Resources */,
				5AA9EC9C209CF46265B8571F /* Embed Pods Frameworks */,
				60BD78377BA7E7C12FEF28FF /* Copy Pods Resources */,
			);
			buildRules = (
			);
			dependencies = (
			);
			name = EsteticaFacial;
			productName = EsteticaFacial;
			productReference = B81B4A5B1BC344AE002A306F /* EsteticaFacial.app */;
			productType = "com.apple.product-type.application";
		};
		B81B4A711BC344AE002A306F /* EsteticaFacialTests */ = {
			isa = PBXNativeTarget;
			buildConfigurationList = B81B4A891BC344AE002A306F /* Build configuration list for PBXNativeTarget "EsteticaFacialTests" */;
			buildPhases = (
				B81B4A6E1BC344AE002A306F /* Sources */,
				B81B4A6F1BC344AE002A306F /* Frameworks */,
				B81B4A701BC344AE002A306F /* Resources */,
			);
			buildRules = (
			);
			dependencies = (
				B81B4A741BC344AE002A306F /* PBXTargetDependency */,
			);
			name = EsteticaFacialTests;
			productName = EsteticaFacialTests;
			productReference = B81B4A721BC344AE002A306F /* EsteticaFacialTests.xctest */;
			productType = "com.apple.product-type.bundle.unit-test";
		};
		B81B4A7C1BC344AE002A306F /* EsteticaFacialUITests */ = {
			isa = PBXNativeTarget;
			buildConfigurationList = B81B4A8C1BC344AE002A306F /* Build configuration list for PBXNativeTarget "EsteticaFacialUITests" */;
			buildPhases = (
				B81B4A791BC344AE002A306F /* Sources */,
				B81B4A7A1BC344AE002A306F /* Frameworks */,
				B81B4A7B1BC344AE002A306F /* Resources */,
			);
			buildRules = (
			);
			dependencies = (
				B81B4A7F1BC344AE002A306F /* PBXTargetDependency */,
			);
			name = EsteticaFacialUITests;
			productName = EsteticaFacialUITests;
			productReference = B81B4A7D1BC344AE002A306F /* EsteticaFacialUITests.xctest */;
			productType = "com.apple.product-type.bundle.ui-testing";
		};
/* End PBXNativeTarget section */

/* Begin PBXProject section */
		B81B4A531BC344AE002A306F /* Project object */ = {
			isa = PBXProject;
			attributes = {
				LastUpgradeCheck = 0700;
				ORGANIZATIONNAME = "Orlando Amorim";
				TargetAttributes = {
					B81B4A5A1BC344AE002A306F = {
						CreatedOnToolsVersion = 7.0.1;
						DevelopmentTeam = 85VCFG852X;
					};
					B81B4A711BC344AE002A306F = {
						CreatedOnToolsVersion = 7.0.1;
						TestTargetID = B81B4A5A1BC344AE002A306F;
					};
					B81B4A7C1BC344AE002A306F = {
						CreatedOnToolsVersion = 7.0.1;
						TestTargetID = B81B4A5A1BC344AE002A306F;
					};
				};
			};
			buildConfigurationList = B81B4A561BC344AE002A306F /* Build configuration list for PBXProject "EsteticaFacial" */;
			compatibilityVersion = "Xcode 3.2";
			developmentRegion = English;
			hasScannedForEncodings = 0;
			knownRegions = (
				en,
				Base,
			);
			mainGroup = B81B4A521BC344AE002A306F;
			productRefGroup = B81B4A5C1BC344AE002A306F /* Products */;
			projectDirPath = "";
			projectRoot = "";
			targets = (
				B81B4A5A1BC344AE002A306F /* EsteticaFacial */,
				B81B4A711BC344AE002A306F /* EsteticaFacialTests */,
				B81B4A7C1BC344AE002A306F /* EsteticaFacialUITests */,
			);
		};
/* End PBXProject section */

/* Begin PBXResourcesBuildPhase section */
		B81B4A591BC344AE002A306F /* Resources */ = {
			isa = PBXResourcesBuildPhase;
			buildActionMask = 2147483647;
			files = (
				18126CF51CACD9AD002D26F7 /* CameraScreen.storyboard in Resources */,
				18126CED1CAB82D9002D26F7 /* SurgeryData.storyboard in Resources */,
				B81B4A6C1BC344AE002A306F /* LaunchScreen.storyboard in Resources */,
				B81B4A691BC344AE002A306F /* Assets.xcassets in Resources */,
				B81B4A641BC344AE002A306F /* Main.storyboard in Resources */,
			);
			runOnlyForDeploymentPostprocessing = 0;
		};
		B81B4A701BC344AE002A306F /* Resources */ = {
			isa = PBXResourcesBuildPhase;
			buildActionMask = 2147483647;
			files = (
			);
			runOnlyForDeploymentPostprocessing = 0;
		};
		B81B4A7B1BC344AE002A306F /* Resources */ = {
			isa = PBXResourcesBuildPhase;
			buildActionMask = 2147483647;
			files = (
			);
			runOnlyForDeploymentPostprocessing = 0;
		};
/* End PBXResourcesBuildPhase section */

/* Begin PBXShellScriptBuildPhase section */
		5AA9EC9C209CF46265B8571F /* Embed Pods Frameworks */ = {
			isa = PBXShellScriptBuildPhase;
			buildActionMask = 2147483647;
			files = (
			);
			inputPaths = (
			);
			name = "Embed Pods Frameworks";
			outputPaths = (
			);
			runOnlyForDeploymentPostprocessing = 0;
			shellPath = /bin/sh;
			shellScript = "\"${SRCROOT}/Pods/Target Support Files/Pods-EsteticaFacial/Pods-EsteticaFacial-frameworks.sh\"\n";
			showEnvVarsInLog = 0;
		};
		60BD78377BA7E7C12FEF28FF /* Copy Pods Resources */ = {
			isa = PBXShellScriptBuildPhase;
			buildActionMask = 2147483647;
			files = (
			);
			inputPaths = (
			);
			name = "Copy Pods Resources";
			outputPaths = (
			);
			runOnlyForDeploymentPostprocessing = 0;
			shellPath = /bin/sh;
			shellScript = "\"${SRCROOT}/Pods/Target Support Files/Pods-EsteticaFacial/Pods-EsteticaFacial-resources.sh\"\n";
			showEnvVarsInLog = 0;
		};
		BA56F896191E96859A6A4DF2 /* Check Pods Manifest.lock */ = {
			isa = PBXShellScriptBuildPhase;
			buildActionMask = 2147483647;
			files = (
			);
			inputPaths = (
			);
			name = "Check Pods Manifest.lock";
			outputPaths = (
			);
			runOnlyForDeploymentPostprocessing = 0;
			shellPath = /bin/sh;
			shellScript = "diff \"${PODS_ROOT}/../Podfile.lock\" \"${PODS_ROOT}/Manifest.lock\" > /dev/null\nif [[ $? != 0 ]] ; then\n    cat << EOM\nerror: The sandbox is not in sync with the Podfile.lock. Run 'pod install' or update your CocoaPods installation.\nEOM\n    exit 1\nfi\n";
			showEnvVarsInLog = 0;
		};
/* End PBXShellScriptBuildPhase section */

/* Begin PBXSourcesBuildPhase section */
		B81B4A571BC344AE002A306F /* Sources */ = {
			isa = PBXSourcesBuildPhase;
			buildActionMask = 2147483647;
			files = (
				B81B4A5F1BC344AE002A306F /* AppDelegate.swift in Sources */,
				1873AFA81BEC3F4800987DCB /* ProcedimentosCirurgicosVC.swift in Sources */,
				187524AE1C2A638700FA0A95 /* CameraVC.swift in Sources */,
				B85392811BD5E64E000DCD91 /* PontoView.swift in Sources */,
				18B8000D1CB1711A00F150D0 /* FileSaveHelper.swift in Sources */,
				18CEB07B1BFE561900AF5198 /* MostrarCirurgiasVC.swift in Sources */,
				181C89D71C307ED3003FC62D /* ProcessImageVC.swift in Sources */,
				B829B8C91BE26ACF009909C0 /* TecnicasPDI.swift in Sources */,
				183D2F4E1BD9E8150033BDA3 /* PacientesTableVC.swift in Sources */,
				18F6F1151BDD6A0A008DA5B1 /* VSReachability.swift in Sources */,
				181C55AD1C9C43A400BC35AD /* RealmParse.swift in Sources */,
				1865CADA1BF180B00035BDC6 /* AUFichaVC.swift in Sources */,
				18126CF21CACC5F7002D26F7 /* CameraManager.swift in Sources */,
				181C559D1C9C37AB00BC35AD /* SurgicalPlanning.swift in Sources */,
				18BAB9ED1C9B983E00BD575B /* Patient.swift in Sources */,
				B8AFADA11BE8DF5F000EF30A /* LocalizadorFrontal.swift in Sources */,
				18F6F1171BDDE632008DA5B1 /* Teste.swift in Sources */,
				18BAB9F61C9BA67D00BD575B /* Record.swift in Sources */,
				B829B8C71BE26AB7009909C0 /* TratamentoEntrada.swift in Sources */,
				189B03041BF1964500A516F4 /* Helpers.swift in Sources */,
				18BAB9F31C9BA4C400BD575B /* Image.swift in Sources */,
				181FF7161C1A657E00313E57 /* Protocols.swift in Sources */,
				18126CE71CAB05B3002D26F7 /* Settings.swift in Sources */,
				B8AFADA31BE8ED83000EF30A /* VisaoComputacional.swift in Sources */,
				181C55A01C9C406900BC35AD /* SurgicalPlanningKey.swift in Sources */,
				181C55A41C9C408600BC35AD /* SurgicalPlanningValue.swift in Sources */,
				18126CF71CACF9C4002D26F7 /* VerifyImageVC.swift in Sources */,
			);
			runOnlyForDeploymentPostprocessing = 0;
		};
		B81B4A6E1BC344AE002A306F /* Sources */ = {
			isa = PBXSourcesBuildPhase;
			buildActionMask = 2147483647;
			files = (
				181C559E1C9C37AB00BC35AD /* SurgicalPlanning.swift in Sources */,
				18BAB9F41C9BA4C400BD575B /* Image.swift in Sources */,
				B81B4A771BC344AE002A306F /* EsteticaFacialTests.swift in Sources */,
				18BAB9F71C9BA67D00BD575B /* Record.swift in Sources */,
				181C55A51C9C408600BC35AD /* SurgicalPlanningValue.swift in Sources */,
				18BAB9EE1C9B983E00BD575B /* Patient.swift in Sources */,
				181C55A11C9C406900BC35AD /* SurgicalPlanningKey.swift in Sources */,
				181C55AE1C9C43A400BC35AD /* RealmParse.swift in Sources */,
			);
			runOnlyForDeploymentPostprocessing = 0;
		};
		B81B4A791BC344AE002A306F /* Sources */ = {
			isa = PBXSourcesBuildPhase;
			buildActionMask = 2147483647;
			files = (
				B81B4A821BC344AE002A306F /* EsteticaFacialUITests.swift in Sources */,
			);
			runOnlyForDeploymentPostprocessing = 0;
		};
/* End PBXSourcesBuildPhase section */

/* Begin PBXTargetDependency section */
		B81B4A741BC344AE002A306F /* PBXTargetDependency */ = {
			isa = PBXTargetDependency;
			target = B81B4A5A1BC344AE002A306F /* EsteticaFacial */;
			targetProxy = B81B4A731BC344AE002A306F /* PBXContainerItemProxy */;
		};
		B81B4A7F1BC344AE002A306F /* PBXTargetDependency */ = {
			isa = PBXTargetDependency;
			target = B81B4A5A1BC344AE002A306F /* EsteticaFacial */;
			targetProxy = B81B4A7E1BC344AE002A306F /* PBXContainerItemProxy */;
		};
/* End PBXTargetDependency section */

/* Begin PBXVariantGroup section */
		18126CEB1CAB82D9002D26F7 /* SurgeryData.storyboard */ = {
			isa = PBXVariantGroup;
			children = (
				18126CEC1CAB82D9002D26F7 /* Base */,
			);
			name = SurgeryData.storyboard;
			sourceTree = "<group>";
		};
		18126CF31CACD9AD002D26F7 /* CameraScreen.storyboard */ = {
			isa = PBXVariantGroup;
			children = (
				18126CF41CACD9AD002D26F7 /* Base */,
			);
			name = CameraScreen.storyboard;
			sourceTree = "<group>";
		};
		B81B4A621BC344AE002A306F /* Main.storyboard */ = {
			isa = PBXVariantGroup;
			children = (
				B81B4A631BC344AE002A306F /* Base */,
			);
			name = Main.storyboard;
			sourceTree = "<group>";
		};
		B81B4A6A1BC344AE002A306F /* LaunchScreen.storyboard */ = {
			isa = PBXVariantGroup;
			children = (
				B81B4A6B1BC344AE002A306F /* Base */,
			);
			name = LaunchScreen.storyboard;
			sourceTree = "<group>";
		};
/* End PBXVariantGroup section */

/* Begin XCBuildConfiguration section */
		B81B4A841BC344AE002A306F /* Debug */ = {
			isa = XCBuildConfiguration;
			buildSettings = {
				ALWAYS_SEARCH_USER_PATHS = NO;
				CLANG_CXX_LANGUAGE_STANDARD = "gnu++0x";
				CLANG_CXX_LIBRARY = "libc++";
				CLANG_ENABLE_MODULES = YES;
				CLANG_ENABLE_OBJC_ARC = YES;
				CLANG_WARN_BOOL_CONVERSION = YES;
				CLANG_WARN_CONSTANT_CONVERSION = YES;
				CLANG_WARN_DIRECT_OBJC_ISA_USAGE = YES_ERROR;
				CLANG_WARN_EMPTY_BODY = YES;
				CLANG_WARN_ENUM_CONVERSION = YES;
				CLANG_WARN_INT_CONVERSION = YES;
				CLANG_WARN_OBJC_ROOT_CLASS = YES_ERROR;
				CLANG_WARN_UNREACHABLE_CODE = YES;
				CLANG_WARN__DUPLICATE_METHOD_MATCH = YES;
				"CODE_SIGN_IDENTITY[sdk=iphoneos*]" = "iPhone Developer";
				COPY_PHASE_STRIP = NO;
				DEBUG_INFORMATION_FORMAT = dwarf;
				ENABLE_STRICT_OBJC_MSGSEND = YES;
				ENABLE_TESTABILITY = YES;
				GCC_C_LANGUAGE_STANDARD = gnu99;
				GCC_DYNAMIC_NO_PIC = NO;
				GCC_NO_COMMON_BLOCKS = YES;
				GCC_OPTIMIZATION_LEVEL = 0;
				GCC_PREPROCESSOR_DEFINITIONS = (
					"DEBUG=1",
					"$(inherited)",
				);
				GCC_WARN_64_TO_32_BIT_CONVERSION = YES;
				GCC_WARN_ABOUT_RETURN_TYPE = YES_ERROR;
				GCC_WARN_UNDECLARED_SELECTOR = YES;
				GCC_WARN_UNINITIALIZED_AUTOS = YES_AGGRESSIVE;
				GCC_WARN_UNUSED_FUNCTION = YES;
				GCC_WARN_UNUSED_VARIABLE = YES;
				"HEADER_SEARCH_PATHS[arch=*]" = "";
				IPHONEOS_DEPLOYMENT_TARGET = 9.2;
				MTL_ENABLE_DEBUG_INFO = YES;
				ONLY_ACTIVE_ARCH = YES;
				SDKROOT = iphoneos;
				SWIFT_OPTIMIZATION_LEVEL = "-Onone";
			};
			name = Debug;
		};
		B81B4A851BC344AE002A306F /* Release */ = {
			isa = XCBuildConfiguration;
			buildSettings = {
				ALWAYS_SEARCH_USER_PATHS = NO;
				CLANG_CXX_LANGUAGE_STANDARD = "gnu++0x";
				CLANG_CXX_LIBRARY = "libc++";
				CLANG_ENABLE_MODULES = YES;
				CLANG_ENABLE_OBJC_ARC = YES;
				CLANG_WARN_BOOL_CONVERSION = YES;
				CLANG_WARN_CONSTANT_CONVERSION = YES;
				CLANG_WARN_DIRECT_OBJC_ISA_USAGE = YES_ERROR;
				CLANG_WARN_EMPTY_BODY = YES;
				CLANG_WARN_ENUM_CONVERSION = YES;
				CLANG_WARN_INT_CONVERSION = YES;
				CLANG_WARN_OBJC_ROOT_CLASS = YES_ERROR;
				CLANG_WARN_UNREACHABLE_CODE = YES;
				CLANG_WARN__DUPLICATE_METHOD_MATCH = YES;
				"CODE_SIGN_IDENTITY[sdk=iphoneos*]" = "iPhone Developer";
				COPY_PHASE_STRIP = NO;
				DEBUG_INFORMATION_FORMAT = "dwarf-with-dsym";
				ENABLE_NS_ASSERTIONS = NO;
				ENABLE_STRICT_OBJC_MSGSEND = YES;
				GCC_C_LANGUAGE_STANDARD = gnu99;
				GCC_NO_COMMON_BLOCKS = YES;
				GCC_WARN_64_TO_32_BIT_CONVERSION = YES;
				GCC_WARN_ABOUT_RETURN_TYPE = YES_ERROR;
				GCC_WARN_UNDECLARED_SELECTOR = YES;
				GCC_WARN_UNINITIALIZED_AUTOS = YES_AGGRESSIVE;
				GCC_WARN_UNUSED_FUNCTION = YES;
				GCC_WARN_UNUSED_VARIABLE = YES;
				IPHONEOS_DEPLOYMENT_TARGET = 9.2;
				MTL_ENABLE_DEBUG_INFO = NO;
				SDKROOT = iphoneos;
				VALIDATE_PRODUCT = YES;
			};
			name = Release;
		};
		B81B4A871BC344AE002A306F /* Debug */ = {
			isa = XCBuildConfiguration;
			baseConfigurationReference = 24F0A10AE2D837209F9039E7 /* Pods-EsteticaFacial.debug.xcconfig */;
			buildSettings = {
				ASSETCATALOG_COMPILER_APPICON_NAME = AppIcon;
				CLANG_WARN_DOCUMENTATION_COMMENTS = YES;
				CODE_SIGN_IDENTITY = "iPhone Developer";
				FRAMEWORK_SEARCH_PATHS = "$(inherited)";
				"HEADER_SEARCH_PATHS[arch=*]" = "Universe/estetica/**";
				INFOPLIST_FILE = EsteticaFacial/Info.plist;
				IPHONEOS_DEPLOYMENT_TARGET = 8.1;
				LD_RUNPATH_SEARCH_PATHS = "$(inherited) @executable_path/Frameworks";
				PRODUCT_BUNDLE_IDENTIFIER = com.UFPI.EsteticaFacial;
				PRODUCT_NAME = "$(TARGET_NAME)";
				TARGETED_DEVICE_FAMILY = "1,2";
			};
			name = Debug;
		};
		B81B4A881BC344AE002A306F /* Release */ = {
			isa = XCBuildConfiguration;
			baseConfigurationReference = 2822637C4A48596B8AC4E44B /* Pods-EsteticaFacial.release.xcconfig */;
			buildSettings = {
				ASSETCATALOG_COMPILER_APPICON_NAME = AppIcon;
				CLANG_WARN_DOCUMENTATION_COMMENTS = YES;
				CODE_SIGN_IDENTITY = "iPhone Developer";
				FRAMEWORK_SEARCH_PATHS = "$(inherited)";
				INFOPLIST_FILE = EsteticaFacial/Info.plist;
				IPHONEOS_DEPLOYMENT_TARGET = 8.1;
				LD_RUNPATH_SEARCH_PATHS = "$(inherited) @executable_path/Frameworks";
				PRODUCT_BUNDLE_IDENTIFIER = com.UFPI.EsteticaFacial;
				PRODUCT_NAME = "$(TARGET_NAME)";
				TARGETED_DEVICE_FAMILY = "1,2";
			};
			name = Release;
		};
		B81B4A8A1BC344AE002A306F /* Debug */ = {
			isa = XCBuildConfiguration;
			buildSettings = {
				BUNDLE_LOADER = "$(TEST_HOST)";
				INFOPLIST_FILE = EsteticaFacialTests/Info.plist;
				LD_RUNPATH_SEARCH_PATHS = "$(inherited) @executable_path/Frameworks @loader_path/Frameworks";
				PRODUCT_BUNDLE_IDENTIFIER = UFPI.EsteticaFacialTests;
				PRODUCT_NAME = "$(TARGET_NAME)";
				TEST_HOST = "$(BUILT_PRODUCTS_DIR)/EsteticaFacial.app/EsteticaFacial";
			};
			name = Debug;
		};
		B81B4A8B1BC344AE002A306F /* Release */ = {
			isa = XCBuildConfiguration;
			buildSettings = {
				BUNDLE_LOADER = "$(TEST_HOST)";
				INFOPLIST_FILE = EsteticaFacialTests/Info.plist;
				LD_RUNPATH_SEARCH_PATHS = "$(inherited) @executable_path/Frameworks @loader_path/Frameworks";
				PRODUCT_BUNDLE_IDENTIFIER = UFPI.EsteticaFacialTests;
				PRODUCT_NAME = "$(TARGET_NAME)";
				TEST_HOST = "$(BUILT_PRODUCTS_DIR)/EsteticaFacial.app/EsteticaFacial";
			};
			name = Release;
		};
		B81B4A8D1BC344AE002A306F /* Debug */ = {
			isa = XCBuildConfiguration;
			buildSettings = {
				INFOPLIST_FILE = EsteticaFacialUITests/Info.plist;
				LD_RUNPATH_SEARCH_PATHS = "$(inherited) @executable_path/Frameworks @loader_path/Frameworks";
				PRODUCT_BUNDLE_IDENTIFIER = UFPI.EsteticaFacialUITests;
				PRODUCT_NAME = "$(TARGET_NAME)";
				TEST_TARGET_NAME = EsteticaFacial;
				USES_XCTRUNNER = YES;
			};
			name = Debug;
		};
		B81B4A8E1BC344AE002A306F /* Release */ = {
			isa = XCBuildConfiguration;
			buildSettings = {
				INFOPLIST_FILE = EsteticaFacialUITests/Info.plist;
				LD_RUNPATH_SEARCH_PATHS = "$(inherited) @executable_path/Frameworks @loader_path/Frameworks";
				PRODUCT_BUNDLE_IDENTIFIER = UFPI.EsteticaFacialUITests;
				PRODUCT_NAME = "$(TARGET_NAME)";
				TEST_TARGET_NAME = EsteticaFacial;
				USES_XCTRUNNER = YES;
			};
			name = Release;
		};
/* End XCBuildConfiguration section */

/* Begin XCConfigurationList section */
		B81B4A561BC344AE002A306F /* Build configuration list for PBXProject "EsteticaFacial" */ = {
			isa = XCConfigurationList;
			buildConfigurations = (
				B81B4A841BC344AE002A306F /* Debug */,
				B81B4A851BC344AE002A306F /* Release */,
			);
			defaultConfigurationIsVisible = 0;
			defaultConfigurationName = Release;
		};
		B81B4A861BC344AE002A306F /* Build configuration list for PBXNativeTarget "EsteticaFacial" */ = {
			isa = XCConfigurationList;
			buildConfigurations = (
				B81B4A871BC344AE002A306F /* Debug */,
				B81B4A881BC344AE002A306F /* Release */,
			);
			defaultConfigurationIsVisible = 0;
			defaultConfigurationName = Release;
		};
		B81B4A891BC344AE002A306F /* Build configuration list for PBXNativeTarget "EsteticaFacialTests" */ = {
			isa = XCConfigurationList;
			buildConfigurations = (
				B81B4A8A1BC344AE002A306F /* Debug */,
				B81B4A8B1BC344AE002A306F /* Release */,
			);
			defaultConfigurationIsVisible = 0;
			defaultConfigurationName = Release;
		};
		B81B4A8C1BC344AE002A306F /* Build configuration list for PBXNativeTarget "EsteticaFacialUITests" */ = {
			isa = XCConfigurationList;
			buildConfigurations = (
				B81B4A8D1BC344AE002A306F /* Debug */,
				B81B4A8E1BC344AE002A306F /* Release */,
			);
			defaultConfigurationIsVisible = 0;
			defaultConfigurationName = Release;
		};
/* End XCConfigurationList section */
	};
	rootObject = B81B4A531BC344AE002A306F /* Project object */;
}
